// !$*UTF8*$!
{
	archiveVersion = 1;
	classes = {
	};
	objectVersion = 56;
	objects = {

/* Begin PBXBuildFile section */
		CD6373162A16B157005476EB /* WordpressJSONstruct.swift in Sources */ = {isa = PBXBuildFile; fileRef = CD6373152A16B157005476EB /* WordpressJSONstruct.swift */; };
		CD63731E2A176CE1005476EB /* Model.xcdatamodeld in Sources */ = {isa = PBXBuildFile; fileRef = CD63731C2A176CE1005476EB /* Model.xcdatamodeld */; };
		CD6373202A17751C005476EB /* StatusView.swift in Sources */ = {isa = PBXBuildFile; fileRef = CD63731F2A17751C005476EB /* StatusView.swift */; };
		CD6373222A178324005476EB /* DataService.swift in Sources */ = {isa = PBXBuildFile; fileRef = CD6373212A178324005476EB /* DataService.swift */; };
		CD6373272A178500005476EB /* DateConverter.swift in Sources */ = {isa = PBXBuildFile; fileRef = CD6373262A178500005476EB /* DateConverter.swift */; };
		CD6373292A178561005476EB /* PersistanceController.swift in Sources */ = {isa = PBXBuildFile; fileRef = CD6373282A178561005476EB /* PersistanceController.swift */; };
		CD63732B2A1786EF005476EB /* SaveCoreData.swift in Sources */ = {isa = PBXBuildFile; fileRef = CD63732A2A1786EF005476EB /* SaveCoreData.swift */; };
		CD63732D2A17978A005476EB /* TestJSON.swift in Sources */ = {isa = PBXBuildFile; fileRef = CD63732C2A17978A005476EB /* TestJSON.swift */; };
		CD63732F2A17992D005476EB /* TestCOREDATA.swift in Sources */ = {isa = PBXBuildFile; fileRef = CD63732E2A17992D005476EB /* TestCOREDATA.swift */; };
		CD6373312A17A20B005476EB /* FetchAndSaveThumbnails.swift in Sources */ = {isa = PBXBuildFile; fileRef = CD6373302A17A20B005476EB /* FetchAndSaveThumbnails.swift */; };
		CD6373332A17A561005476EB /* CleanHTML.swift in Sources */ = {isa = PBXBuildFile; fileRef = CD6373322A17A561005476EB /* CleanHTML.swift */; };
		CD6373352A17A59E005476EB /* SafariView.swift in Sources */ = {isa = PBXBuildFile; fileRef = CD6373342A17A59E005476EB /* SafariView.swift */; };
		CD6373372A17AF9D005476EB /* ImageHolder.swift in Sources */ = {isa = PBXBuildFile; fileRef = CD6373362A17AF9D005476EB /* ImageHolder.swift */; };
		CD6373392A17B938005476EB /* GetCategoryName.swift in Sources */ = {isa = PBXBuildFile; fileRef = CD6373382A17B938005476EB /* GetCategoryName.swift */; };
		CD80C5D82A15E63700631827 /* DonationForm.swift in Sources */ = {isa = PBXBuildFile; fileRef = CD80C5D72A15E63700631827 /* DonationForm.swift */; };
		CD9ED3B02A161D6D008F23D0 /* PaymentSymbol.swift in Sources */ = {isa = PBXBuildFile; fileRef = CD9ED3AF2A161D6D008F23D0 /* PaymentSymbol.swift */; };
		CD9ED3B32A162BD4008F23D0 /* ContactInfo.swift in Sources */ = {isa = PBXBuildFile; fileRef = CD9ED3B22A162BD4008F23D0 /* ContactInfo.swift */; };
		CD9ED3B52A163274008F23D0 /* Title.swift in Sources */ = {isa = PBXBuildFile; fileRef = CD9ED3B42A163274008F23D0 /* Title.swift */; };
		CD9ED3B72A1634ED008F23D0 /* NewsItem.swift in Sources */ = {isa = PBXBuildFile; fileRef = CD9ED3B62A1634ED008F23D0 /* NewsItem.swift */; };
		CD9ED3B92A163908008F23D0 /* ToggleView.swift in Sources */ = {isa = PBXBuildFile; fileRef = CD9ED3B82A163908008F23D0 /* ToggleView.swift */; };
		CD9ED3BB2A1644C3008F23D0 /* PaginationButton.swift in Sources */ = {isa = PBXBuildFile; fileRef = CD9ED3BA2A1644C3008F23D0 /* PaginationButton.swift */; };
		CDAF79F92A14E61400F4976C /* FundacjaSantanderDesignApp.swift in Sources */ = {isa = PBXBuildFile; fileRef = CDAF79F82A14E61400F4976C /* FundacjaSantanderDesignApp.swift */; };
		CDAF79FB2A14E61400F4976C /* Tabs.swift in Sources */ = {isa = PBXBuildFile; fileRef = CDAF79FA2A14E61400F4976C /* Tabs.swift */; };
		CDAF79FD2A14E61500F4976C /* Assets.xcassets in Resources */ = {isa = PBXBuildFile; fileRef = CDAF79FC2A14E61500F4976C /* Assets.xcassets */; };
		CDAF7A002A14E61500F4976C /* Preview Assets.xcassets in Resources */ = {isa = PBXBuildFile; fileRef = CDAF79FF2A14E61500F4976C /* Preview Assets.xcassets */; };
		CDAF7A082A14ECD700F4976C /* StartView.swift in Sources */ = {isa = PBXBuildFile; fileRef = CDAF7A072A14ECD700F4976C /* StartView.swift */; };
		CDAF7A0A2A14ECED00F4976C /* AktualnosciView.swift in Sources */ = {isa = PBXBuildFile; fileRef = CDAF7A092A14ECED00F4976C /* AktualnosciView.swift */; };
		CDAF7A0C2A14ECFF00F4976C /* PomagajView.swift in Sources */ = {isa = PBXBuildFile; fileRef = CDAF7A0B2A14ECFF00F4976C /* PomagajView.swift */; };
		CDAF7A0E2A14ED0F00F4976C /* ProjektyView.swift in Sources */ = {isa = PBXBuildFile; fileRef = CDAF7A0D2A14ED0F00F4976C /* ProjektyView.swift */; };
		CDAF7A102A14ED1D00F4976C /* FAQView.swift in Sources */ = {isa = PBXBuildFile; fileRef = CDAF7A0F2A14ED1D00F4976C /* FAQView.swift */; };
		CDAF7A1E2A14FCBF00F4976C /* SantanderHeadline-BoldIt.ttf in Resources */ = {isa = PBXBuildFile; fileRef = CDAF7A132A14FCBF00F4976C /* SantanderHeadline-BoldIt.ttf */; };
		CDAF7A1F2A14FCBF00F4976C /* SantanderHeadline-Bold.ttf in Resources */ = {isa = PBXBuildFile; fileRef = CDAF7A142A14FCBF00F4976C /* SantanderHeadline-Bold.ttf */; };
		CDAF7A202A14FCBF00F4976C /* SantanderHeadline-Regular.ttf in Resources */ = {isa = PBXBuildFile; fileRef = CDAF7A152A14FCBF00F4976C /* SantanderHeadline-Regular.ttf */; };
		CDAF7A212A14FCBF00F4976C /* SantanderHeadline-It.ttf in Resources */ = {isa = PBXBuildFile; fileRef = CDAF7A162A14FCBF00F4976C /* SantanderHeadline-It.ttf */; };
		CDAF7A222A14FCBF00F4976C /* SantanderText-BoldItalic.ttf in Resources */ = {isa = PBXBuildFile; fileRef = CDAF7A182A14FCBF00F4976C /* SantanderText-BoldItalic.ttf */; };
		CDAF7A232A14FCBF00F4976C /* SantanderText-Italic.ttf in Resources */ = {isa = PBXBuildFile; fileRef = CDAF7A192A14FCBF00F4976C /* SantanderText-Italic.ttf */; };
		CDAF7A242A14FCBF00F4976C /* SantanderText-Light.ttf in Resources */ = {isa = PBXBuildFile; fileRef = CDAF7A1A2A14FCBF00F4976C /* SantanderText-Light.ttf */; };
		CDAF7A252A14FCBF00F4976C /* SantanderText-Bold.ttf in Resources */ = {isa = PBXBuildFile; fileRef = CDAF7A1B2A14FCBF00F4976C /* SantanderText-Bold.ttf */; };
		CDAF7A262A14FCBF00F4976C /* SantanderText-LightItalic.ttf in Resources */ = {isa = PBXBuildFile; fileRef = CDAF7A1C2A14FCBF00F4976C /* SantanderText-LightItalic.ttf */; };
		CDAF7A272A14FCBF00F4976C /* SantanderText-Regular.ttf in Resources */ = {isa = PBXBuildFile; fileRef = CDAF7A1D2A14FCBF00F4976C /* SantanderText-Regular.ttf */; };
		CDAF7A2E2A1512F100F4976C /* TabBarItem.swift in Sources */ = {isa = PBXBuildFile; fileRef = CDAF7A2D2A1512F100F4976C /* TabBarItem.swift */; };
		CDAF7A312A151FB900F4976C /* WelcomeBanner.swift in Sources */ = {isa = PBXBuildFile; fileRef = CDAF7A302A151FB900F4976C /* WelcomeBanner.swift */; };
		CDAF7A352A1539A900F4976C /* DonationBanner.swift in Sources */ = {isa = PBXBuildFile; fileRef = CDAF7A342A1539A900F4976C /* DonationBanner.swift */; };
		CDAF7A372A15432600F4976C /* ProjectItem.swift in Sources */ = {isa = PBXBuildFile; fileRef = CDAF7A362A15432600F4976C /* ProjectItem.swift */; };
		CDAF7A3D2A15531100F4976C /* DonationBannerForm.swift in Sources */ = {isa = PBXBuildFile; fileRef = CDAF7A3C2A15531100F4976C /* DonationBannerForm.swift */; };
		CDAF7A3F2A15595A00F4976C /* Blik.swift in Sources */ = {isa = PBXBuildFile; fileRef = CDAF7A3E2A15595A00F4976C /* Blik.swift */; };
/* End PBXBuildFile section */

/* Begin PBXFileReference section */
		CD6373152A16B157005476EB /* WordpressJSONstruct.swift */ = {isa = PBXFileReference; lastKnownFileType = sourcecode.swift; path = WordpressJSONstruct.swift; sourceTree = "<group>"; };
		CD63731D2A176CE1005476EB /* Model.xcdatamodel */ = {isa = PBXFileReference; lastKnownFileType = wrapper.xcdatamodel; path = Model.xcdatamodel; sourceTree = "<group>"; };
		CD63731F2A17751C005476EB /* StatusView.swift */ = {isa = PBXFileReference; lastKnownFileType = sourcecode.swift; path = StatusView.swift; sourceTree = "<group>"; };
		CD6373212A178324005476EB /* DataService.swift */ = {isa = PBXFileReference; lastKnownFileType = sourcecode.swift; path = DataService.swift; sourceTree = "<group>"; };
		CD6373262A178500005476EB /* DateConverter.swift */ = {isa = PBXFileReference; lastKnownFileType = sourcecode.swift; path = DateConverter.swift; sourceTree = "<group>"; };
		CD6373282A178561005476EB /* PersistanceController.swift */ = {isa = PBXFileReference; lastKnownFileType = sourcecode.swift; path = PersistanceController.swift; sourceTree = "<group>"; };
		CD63732A2A1786EF005476EB /* SaveCoreData.swift */ = {isa = PBXFileReference; lastKnownFileType = sourcecode.swift; path = SaveCoreData.swift; sourceTree = "<group>"; };
		CD63732C2A17978A005476EB /* TestJSON.swift */ = {isa = PBXFileReference; lastKnownFileType = sourcecode.swift; path = TestJSON.swift; sourceTree = "<group>"; };
		CD63732E2A17992D005476EB /* TestCOREDATA.swift */ = {isa = PBXFileReference; lastKnownFileType = sourcecode.swift; path = TestCOREDATA.swift; sourceTree = "<group>"; };
		CD6373302A17A20B005476EB /* FetchAndSaveThumbnails.swift */ = {isa = PBXFileReference; lastKnownFileType = sourcecode.swift; path = FetchAndSaveThumbnails.swift; sourceTree = "<group>"; };
		CD6373322A17A561005476EB /* CleanHTML.swift */ = {isa = PBXFileReference; lastKnownFileType = sourcecode.swift; path = CleanHTML.swift; sourceTree = "<group>"; };
		CD6373342A17A59E005476EB /* SafariView.swift */ = {isa = PBXFileReference; lastKnownFileType = sourcecode.swift; path = SafariView.swift; sourceTree = "<group>"; };
		CD6373362A17AF9D005476EB /* ImageHolder.swift */ = {isa = PBXFileReference; lastKnownFileType = sourcecode.swift; path = ImageHolder.swift; sourceTree = "<group>"; };
		CD6373382A17B938005476EB /* GetCategoryName.swift */ = {isa = PBXFileReference; lastKnownFileType = sourcecode.swift; path = GetCategoryName.swift; sourceTree = "<group>"; };
		CD80C5D72A15E63700631827 /* DonationForm.swift */ = {isa = PBXFileReference; lastKnownFileType = sourcecode.swift; path = DonationForm.swift; sourceTree = "<group>"; };
		CD9ED3AF2A161D6D008F23D0 /* PaymentSymbol.swift */ = {isa = PBXFileReference; lastKnownFileType = sourcecode.swift; path = PaymentSymbol.swift; sourceTree = "<group>"; };
		CD9ED3B22A162BD4008F23D0 /* ContactInfo.swift */ = {isa = PBXFileReference; lastKnownFileType = sourcecode.swift; path = ContactInfo.swift; sourceTree = "<group>"; };
		CD9ED3B42A163274008F23D0 /* Title.swift */ = {isa = PBXFileReference; lastKnownFileType = sourcecode.swift; path = Title.swift; sourceTree = "<group>"; };
		CD9ED3B62A1634ED008F23D0 /* NewsItem.swift */ = {isa = PBXFileReference; lastKnownFileType = sourcecode.swift; path = NewsItem.swift; sourceTree = "<group>"; };
		CD9ED3B82A163908008F23D0 /* ToggleView.swift */ = {isa = PBXFileReference; lastKnownFileType = sourcecode.swift; path = ToggleView.swift; sourceTree = "<group>"; };
		CD9ED3BA2A1644C3008F23D0 /* PaginationButton.swift */ = {isa = PBXFileReference; lastKnownFileType = sourcecode.swift; path = PaginationButton.swift; sourceTree = "<group>"; };
		CDAF79F52A14E61400F4976C /* FundacjaSantanderDesign.app */ = {isa = PBXFileReference; explicitFileType = wrapper.application; includeInIndex = 0; path = FundacjaSantanderDesign.app; sourceTree = BUILT_PRODUCTS_DIR; };
		CDAF79F82A14E61400F4976C /* FundacjaSantanderDesignApp.swift */ = {isa = PBXFileReference; lastKnownFileType = sourcecode.swift; path = FundacjaSantanderDesignApp.swift; sourceTree = "<group>"; };
		CDAF79FA2A14E61400F4976C /* Tabs.swift */ = {isa = PBXFileReference; lastKnownFileType = sourcecode.swift; path = Tabs.swift; sourceTree = "<group>"; };
		CDAF79FC2A14E61500F4976C /* Assets.xcassets */ = {isa = PBXFileReference; lastKnownFileType = folder.assetcatalog; path = Assets.xcassets; sourceTree = "<group>"; };
		CDAF79FF2A14E61500F4976C /* Preview Assets.xcassets */ = {isa = PBXFileReference; lastKnownFileType = folder.assetcatalog; path = "Preview Assets.xcassets"; sourceTree = "<group>"; };
		CDAF7A072A14ECD700F4976C /* StartView.swift */ = {isa = PBXFileReference; lastKnownFileType = sourcecode.swift; path = StartView.swift; sourceTree = "<group>"; };
		CDAF7A092A14ECED00F4976C /* AktualnosciView.swift */ = {isa = PBXFileReference; lastKnownFileType = sourcecode.swift; path = AktualnosciView.swift; sourceTree = "<group>"; };
		CDAF7A0B2A14ECFF00F4976C /* PomagajView.swift */ = {isa = PBXFileReference; lastKnownFileType = sourcecode.swift; path = PomagajView.swift; sourceTree = "<group>"; };
		CDAF7A0D2A14ED0F00F4976C /* ProjektyView.swift */ = {isa = PBXFileReference; lastKnownFileType = sourcecode.swift; path = ProjektyView.swift; sourceTree = "<group>"; };
		CDAF7A0F2A14ED1D00F4976C /* FAQView.swift */ = {isa = PBXFileReference; lastKnownFileType = sourcecode.swift; path = FAQView.swift; sourceTree = "<group>"; };
		CDAF7A132A14FCBF00F4976C /* SantanderHeadline-BoldIt.ttf */ = {isa = PBXFileReference; lastKnownFileType = file; path = "SantanderHeadline-BoldIt.ttf"; sourceTree = "<group>"; };
		CDAF7A142A14FCBF00F4976C /* SantanderHeadline-Bold.ttf */ = {isa = PBXFileReference; lastKnownFileType = file; path = "SantanderHeadline-Bold.ttf"; sourceTree = "<group>"; };
		CDAF7A152A14FCBF00F4976C /* SantanderHeadline-Regular.ttf */ = {isa = PBXFileReference; lastKnownFileType = file; path = "SantanderHeadline-Regular.ttf"; sourceTree = "<group>"; };
		CDAF7A162A14FCBF00F4976C /* SantanderHeadline-It.ttf */ = {isa = PBXFileReference; lastKnownFileType = file; path = "SantanderHeadline-It.ttf"; sourceTree = "<group>"; };
		CDAF7A182A14FCBF00F4976C /* SantanderText-BoldItalic.ttf */ = {isa = PBXFileReference; lastKnownFileType = file; path = "SantanderText-BoldItalic.ttf"; sourceTree = "<group>"; };
		CDAF7A192A14FCBF00F4976C /* SantanderText-Italic.ttf */ = {isa = PBXFileReference; lastKnownFileType = file; path = "SantanderText-Italic.ttf"; sourceTree = "<group>"; };
		CDAF7A1A2A14FCBF00F4976C /* SantanderText-Light.ttf */ = {isa = PBXFileReference; lastKnownFileType = file; path = "SantanderText-Light.ttf"; sourceTree = "<group>"; };
		CDAF7A1B2A14FCBF00F4976C /* SantanderText-Bold.ttf */ = {isa = PBXFileReference; lastKnownFileType = file; path = "SantanderText-Bold.ttf"; sourceTree = "<group>"; };
		CDAF7A1C2A14FCBF00F4976C /* SantanderText-LightItalic.ttf */ = {isa = PBXFileReference; lastKnownFileType = file; path = "SantanderText-LightItalic.ttf"; sourceTree = "<group>"; };
		CDAF7A1D2A14FCBF00F4976C /* SantanderText-Regular.ttf */ = {isa = PBXFileReference; lastKnownFileType = file; path = "SantanderText-Regular.ttf"; sourceTree = "<group>"; };
		CDAF7A282A14FD8500F4976C /* Info.plist */ = {isa = PBXFileReference; lastKnownFileType = text.plist; path = Info.plist; sourceTree = "<group>"; };
		CDAF7A2D2A1512F100F4976C /* TabBarItem.swift */ = {isa = PBXFileReference; lastKnownFileType = sourcecode.swift; path = TabBarItem.swift; sourceTree = "<group>"; };
		CDAF7A302A151FB900F4976C /* WelcomeBanner.swift */ = {isa = PBXFileReference; lastKnownFileType = sourcecode.swift; path = WelcomeBanner.swift; sourceTree = "<group>"; };
		CDAF7A342A1539A900F4976C /* DonationBanner.swift */ = {isa = PBXFileReference; lastKnownFileType = sourcecode.swift; path = DonationBanner.swift; sourceTree = "<group>"; };
		CDAF7A362A15432600F4976C /* ProjectItem.swift */ = {isa = PBXFileReference; lastKnownFileType = sourcecode.swift; path = ProjectItem.swift; sourceTree = "<group>"; };
		CDAF7A3C2A15531100F4976C /* DonationBannerForm.swift */ = {isa = PBXFileReference; lastKnownFileType = sourcecode.swift; path = DonationBannerForm.swift; sourceTree = "<group>"; };
		CDAF7A3E2A15595A00F4976C /* Blik.swift */ = {isa = PBXFileReference; lastKnownFileType = sourcecode.swift; path = Blik.swift; sourceTree = "<group>"; };
/* End PBXFileReference section */

/* Begin PBXFrameworksBuildPhase section */
		CDAF79F22A14E61400F4976C /* Frameworks */ = {
			isa = PBXFrameworksBuildPhase;
			buildActionMask = 2147483647;
			files = (
			);
			runOnlyForDeploymentPostprocessing = 0;
		};
/* End PBXFrameworksBuildPhase section */

/* Begin PBXGroup section */
		CD6373142A16B12E005476EB /* DataJSON */ = {
			isa = PBXGroup;
			children = (
				CD6373152A16B157005476EB /* WordpressJSONstruct.swift */,
				CD6373212A178324005476EB /* DataService.swift */,
				CD63732A2A1786EF005476EB /* SaveCoreData.swift */,
				CD63732C2A17978A005476EB /* TestJSON.swift */,
				CD6373382A17B938005476EB /* GetCategoryName.swift */,
			);
			path = DataJSON;
			sourceTree = "<group>";
		};
		CD63731B2A176CCD005476EB /* Model */ = {
			isa = PBXGroup;
			children = (
				CD63731C2A176CE1005476EB /* Model.xcdatamodeld */,
				CD6373282A178561005476EB /* PersistanceController.swift */,
				CD63732E2A17992D005476EB /* TestCOREDATA.swift */,
			);
			path = Model;
			sourceTree = "<group>";
		};
		CD6373252A1784DC005476EB /* Extension */ = {
			isa = PBXGroup;
			children = (
				CD6373262A178500005476EB /* DateConverter.swift */,
				CD6373302A17A20B005476EB /* FetchAndSaveThumbnails.swift */,
				CD6373322A17A561005476EB /* CleanHTML.swift */,
				CD6373342A17A59E005476EB /* SafariView.swift */,
				CD6373362A17AF9D005476EB /* ImageHolder.swift */,
			);
			path = Extension;
			sourceTree = "<group>";
		};
		CD9ED3B12A162BBC008F23D0 /* Title and Footer */ = {
			isa = PBXGroup;
			children = (
				CD9ED3B22A162BD4008F23D0 /* ContactInfo.swift */,
				CD9ED3B42A163274008F23D0 /* Title.swift */,
				CD63731F2A17751C005476EB /* StatusView.swift */,
			);
			path = "Title and Footer";
			sourceTree = "<group>";
		};
		CDAF79EC2A14E61400F4976C = {
			isa = PBXGroup;
			children = (
				CDAF79F72A14E61400F4976C /* FundacjaSantanderDesign */,
				CDAF79F62A14E61400F4976C /* Products */,
			);
			sourceTree = "<group>";
		};
		CDAF79F62A14E61400F4976C /* Products */ = {
			isa = PBXGroup;
			children = (
				CDAF79F52A14E61400F4976C /* FundacjaSantanderDesign.app */,
			);
			name = Products;
			sourceTree = "<group>";
		};
		CDAF79F72A14E61400F4976C /* FundacjaSantanderDesign */ = {
			isa = PBXGroup;
			children = (
				CD6373252A1784DC005476EB /* Extension */,
				CD63731B2A176CCD005476EB /* Model */,
				CD6373142A16B12E005476EB /* DataJSON */,
				CDAF7A282A14FD8500F4976C /* Info.plist */,
				CDAF7A112A14FCBF00F4976C /* SantanderFonts */,
				CDAF7A062A14ECC400F4976C /* Views */,
				CDAF79F82A14E61400F4976C /* FundacjaSantanderDesignApp.swift */,
				CDAF79FC2A14E61500F4976C /* Assets.xcassets */,
				CDAF79FE2A14E61500F4976C /* Preview Content */,
			);
			path = FundacjaSantanderDesign;
			sourceTree = "<group>";
		};
		CDAF79FE2A14E61500F4976C /* Preview Content */ = {
			isa = PBXGroup;
			children = (
				CDAF79FF2A14E61500F4976C /* Preview Assets.xcassets */,
			);
			path = "Preview Content";
			sourceTree = "<group>";
		};
		CDAF7A062A14ECC400F4976C /* Views */ = {
			isa = PBXGroup;
			children = (
				CDAF7A3A2A154F9B00F4976C /* List */,
				CDAF7A392A154F8300F4976C /* Navigation */,
				CDAF7A2F2A15137600F4976C /* Components */,
				CDAF7A072A14ECD700F4976C /* StartView.swift */,
				CDAF7A092A14ECED00F4976C /* AktualnosciView.swift */,
				CDAF7A0B2A14ECFF00F4976C /* PomagajView.swift */,
				CDAF7A0D2A14ED0F00F4976C /* ProjektyView.swift */,
				CDAF7A0F2A14ED1D00F4976C /* FAQView.swift */,
			);
			path = Views;
			sourceTree = "<group>";
		};
		CDAF7A112A14FCBF00F4976C /* SantanderFonts */ = {
			isa = PBXGroup;
			children = (
				CDAF7A122A14FCBF00F4976C /* SantanderHeadline */,
				CDAF7A172A14FCBF00F4976C /* SantanderText */,
			);
			path = SantanderFonts;
			sourceTree = "<group>";
		};
		CDAF7A122A14FCBF00F4976C /* SantanderHeadline */ = {
			isa = PBXGroup;
			children = (
				CDAF7A132A14FCBF00F4976C /* SantanderHeadline-BoldIt.ttf */,
				CDAF7A142A14FCBF00F4976C /* SantanderHeadline-Bold.ttf */,
				CDAF7A152A14FCBF00F4976C /* SantanderHeadline-Regular.ttf */,
				CDAF7A162A14FCBF00F4976C /* SantanderHeadline-It.ttf */,
			);
			path = SantanderHeadline;
			sourceTree = "<group>";
		};
		CDAF7A172A14FCBF00F4976C /* SantanderText */ = {
			isa = PBXGroup;
			children = (
				CDAF7A182A14FCBF00F4976C /* SantanderText-BoldItalic.ttf */,
				CDAF7A192A14FCBF00F4976C /* SantanderText-Italic.ttf */,
				CDAF7A1A2A14FCBF00F4976C /* SantanderText-Light.ttf */,
				CDAF7A1B2A14FCBF00F4976C /* SantanderText-Bold.ttf */,
				CDAF7A1C2A14FCBF00F4976C /* SantanderText-LightItalic.ttf */,
				CDAF7A1D2A14FCBF00F4976C /* SantanderText-Regular.ttf */,
			);
			path = SantanderText;
			sourceTree = "<group>";
		};
		CDAF7A2F2A15137600F4976C /* Components */ = {
			isa = PBXGroup;
			children = (
				CD9ED3B12A162BBC008F23D0 /* Title and Footer */,
				CDAF7A3B2A1551BC00F4976C /* DonationForm */,
				CDAF7A382A154F7100F4976C /* StartScreen */,
			);
			path = Components;
			sourceTree = "<group>";
		};
		CDAF7A382A154F7100F4976C /* StartScreen */ = {
			isa = PBXGroup;
			children = (
				CDAF7A342A1539A900F4976C /* DonationBanner.swift */,
				CDAF7A302A151FB900F4976C /* WelcomeBanner.swift */,
			);
			path = StartScreen;
			sourceTree = "<group>";
		};
		CDAF7A392A154F8300F4976C /* Navigation */ = {
			isa = PBXGroup;
			children = (
				CDAF7A2D2A1512F100F4976C /* TabBarItem.swift */,
				CDAF79FA2A14E61400F4976C /* Tabs.swift */,
			);
			path = Navigation;
			sourceTree = "<group>";
		};
		CDAF7A3A2A154F9B00F4976C /* List */ = {
			isa = PBXGroup;
			children = (
				CDAF7A362A15432600F4976C /* ProjectItem.swift */,
				CD9ED3B62A1634ED008F23D0 /* NewsItem.swift */,
				CD9ED3B82A163908008F23D0 /* ToggleView.swift */,
				CD9ED3BA2A1644C3008F23D0 /* PaginationButton.swift */,
			);
			path = List;
			sourceTree = "<group>";
		};
		CDAF7A3B2A1551BC00F4976C /* DonationForm */ = {
			isa = PBXGroup;
			children = (
				CDAF7A3C2A15531100F4976C /* DonationBannerForm.swift */,
				CDAF7A3E2A15595A00F4976C /* Blik.swift */,
				CD80C5D72A15E63700631827 /* DonationForm.swift */,
				CD9ED3AF2A161D6D008F23D0 /* PaymentSymbol.swift */,
			);
			path = DonationForm;
			sourceTree = "<group>";
		};
/* End PBXGroup section */

/* Begin PBXNativeTarget section */
		CDAF79F42A14E61400F4976C /* FundacjaSantanderDesign */ = {
			isa = PBXNativeTarget;
			buildConfigurationList = CDAF7A032A14E61500F4976C /* Build configuration list for PBXNativeTarget "FundacjaSantanderDesign" */;
			buildPhases = (
				CDAF79F12A14E61400F4976C /* Sources */,
				CDAF79F22A14E61400F4976C /* Frameworks */,
				CDAF79F32A14E61400F4976C /* Resources */,
			);
			buildRules = (
			);
			dependencies = (
			);
			name = FundacjaSantanderDesign;
			productName = FundacjaSantanderDesign;
			productReference = CDAF79F52A14E61400F4976C /* FundacjaSantanderDesign.app */;
			productType = "com.apple.product-type.application";
		};
/* End PBXNativeTarget section */

/* Begin PBXProject section */
		CDAF79ED2A14E61400F4976C /* Project object */ = {
			isa = PBXProject;
			attributes = {
				BuildIndependentTargetsInParallel = 1;
				LastSwiftUpdateCheck = 1420;
				LastUpgradeCheck = 1420;
				TargetAttributes = {
					CDAF79F42A14E61400F4976C = {
						CreatedOnToolsVersion = 14.2;
					};
				};
			};
			buildConfigurationList = CDAF79F02A14E61400F4976C /* Build configuration list for PBXProject "FundacjaSantanderDesign" */;
			compatibilityVersion = "Xcode 14.0";
			developmentRegion = en;
			hasScannedForEncodings = 0;
			knownRegions = (
				en,
				Base,
			);
			mainGroup = CDAF79EC2A14E61400F4976C;
			productRefGroup = CDAF79F62A14E61400F4976C /* Products */;
			projectDirPath = "";
			projectRoot = "";
			targets = (
				CDAF79F42A14E61400F4976C /* FundacjaSantanderDesign */,
			);
		};
/* End PBXProject section */

/* Begin PBXResourcesBuildPhase section */
		CDAF79F32A14E61400F4976C /* Resources */ = {
			isa = PBXResourcesBuildPhase;
			buildActionMask = 2147483647;
			files = (
				CDAF7A212A14FCBF00F4976C /* SantanderHeadline-It.ttf in Resources */,
				CDAF7A1E2A14FCBF00F4976C /* SantanderHeadline-BoldIt.ttf in Resources */,
				CDAF7A242A14FCBF00F4976C /* SantanderText-Light.ttf in Resources */,
				CDAF7A002A14E61500F4976C /* Preview Assets.xcassets in Resources */,
				CDAF7A262A14FCBF00F4976C /* SantanderText-LightItalic.ttf in Resources */,
				CDAF7A272A14FCBF00F4976C /* SantanderText-Regular.ttf in Resources */,
				CDAF7A1F2A14FCBF00F4976C /* SantanderHeadline-Bold.ttf in Resources */,
				CDAF7A232A14FCBF00F4976C /* SantanderText-Italic.ttf in Resources */,
				CDAF7A202A14FCBF00F4976C /* SantanderHeadline-Regular.ttf in Resources */,
				CDAF7A222A14FCBF00F4976C /* SantanderText-BoldItalic.ttf in Resources */,
				CDAF79FD2A14E61500F4976C /* Assets.xcassets in Resources */,
				CDAF7A252A14FCBF00F4976C /* SantanderText-Bold.ttf in Resources */,
			);
			runOnlyForDeploymentPostprocessing = 0;
		};
/* End PBXResourcesBuildPhase section */

/* Begin PBXSourcesBuildPhase section */
		CDAF79F12A14E61400F4976C /* Sources */ = {
			isa = PBXSourcesBuildPhase;
			buildActionMask = 2147483647;
			files = (
				CD6373272A178500005476EB /* DateConverter.swift in Sources */,
				CDAF7A372A15432600F4976C /* ProjectItem.swift in Sources */,
				CD9ED3B52A163274008F23D0 /* Title.swift in Sources */,
				CD6373392A17B938005476EB /* GetCategoryName.swift in Sources */,
				CDAF7A0E2A14ED0F00F4976C /* ProjektyView.swift in Sources */,
				CD9ED3BB2A1644C3008F23D0 /* PaginationButton.swift in Sources */,
				CD6373292A178561005476EB /* PersistanceController.swift in Sources */,
				CD63732F2A17992D005476EB /* TestCOREDATA.swift in Sources */,
				CDAF7A082A14ECD700F4976C /* StartView.swift in Sources */,
				CDAF7A312A151FB900F4976C /* WelcomeBanner.swift in Sources */,
				CD9ED3B32A162BD4008F23D0 /* ContactInfo.swift in Sources */,
				CDAF7A0C2A14ECFF00F4976C /* PomagajView.swift in Sources */,
				CD9ED3B72A1634ED008F23D0 /* NewsItem.swift in Sources */,
				CD6373332A17A561005476EB /* CleanHTML.swift in Sources */,
				CD6373312A17A20B005476EB /* FetchAndSaveThumbnails.swift in Sources */,
				CD6373202A17751C005476EB /* StatusView.swift in Sources */,
				CD6373162A16B157005476EB /* WordpressJSONstruct.swift in Sources */,
				CD63732B2A1786EF005476EB /* SaveCoreData.swift in Sources */,
				CD63731E2A176CE1005476EB /* Model.xcdatamodeld in Sources */,
				CDAF7A0A2A14ECED00F4976C /* AktualnosciView.swift in Sources */,
				CDAF7A352A1539A900F4976C /* DonationBanner.swift in Sources */,
				CDAF7A102A14ED1D00F4976C /* FAQView.swift in Sources */,
				CD6373222A178324005476EB /* DataService.swift in Sources */,
				CD63732D2A17978A005476EB /* TestJSON.swift in Sources */,
				CD9ED3B02A161D6D008F23D0 /* PaymentSymbol.swift in Sources */,
				CDAF7A3F2A15595A00F4976C /* Blik.swift in Sources */,
				CDAF79FB2A14E61400F4976C /* Tabs.swift in Sources */,
				CDAF7A3D2A15531100F4976C /* DonationBannerForm.swift in Sources */,
				CDAF7A2E2A1512F100F4976C /* TabBarItem.swift in Sources */,
				CD6373352A17A59E005476EB /* SafariView.swift in Sources */,
				CD6373372A17AF9D005476EB /* ImageHolder.swift in Sources */,
				CDAF79F92A14E61400F4976C /* FundacjaSantanderDesignApp.swift in Sources */,
				CD80C5D82A15E63700631827 /* DonationForm.swift in Sources */,
				CD9ED3B92A163908008F23D0 /* ToggleView.swift in Sources */,
			);
			runOnlyForDeploymentPostprocessing = 0;
		};
/* End PBXSourcesBuildPhase section */

/* Begin XCBuildConfiguration section */
		CDAF7A012A14E61500F4976C /* Debug */ = {
			isa = XCBuildConfiguration;
			buildSettings = {
				ALWAYS_SEARCH_USER_PATHS = NO;
				CLANG_ANALYZER_NONNULL = YES;
				CLANG_ANALYZER_NUMBER_OBJECT_CONVERSION = YES_AGGRESSIVE;
				CLANG_CXX_LANGUAGE_STANDARD = "gnu++20";
				CLANG_ENABLE_MODULES = YES;
				CLANG_ENABLE_OBJC_ARC = YES;
				CLANG_ENABLE_OBJC_WEAK = YES;
				CLANG_WARN_BLOCK_CAPTURE_AUTORELEASING = YES;
				CLANG_WARN_BOOL_CONVERSION = YES;
				CLANG_WARN_COMMA = YES;
				CLANG_WARN_CONSTANT_CONVERSION = YES;
				CLANG_WARN_DEPRECATED_OBJC_IMPLEMENTATIONS = YES;
				CLANG_WARN_DIRECT_OBJC_ISA_USAGE = YES_ERROR;
				CLANG_WARN_DOCUMENTATION_COMMENTS = YES;
				CLANG_WARN_EMPTY_BODY = YES;
				CLANG_WARN_ENUM_CONVERSION = YES;
				CLANG_WARN_INFINITE_RECURSION = YES;
				CLANG_WARN_INT_CONVERSION = YES;
				CLANG_WARN_NON_LITERAL_NULL_CONVERSION = YES;
				CLANG_WARN_OBJC_IMPLICIT_RETAIN_SELF = YES;
				CLANG_WARN_OBJC_LITERAL_CONVERSION = YES;
				CLANG_WARN_OBJC_ROOT_CLASS = YES_ERROR;
				CLANG_WARN_QUOTED_INCLUDE_IN_FRAMEWORK_HEADER = YES;
				CLANG_WARN_RANGE_LOOP_ANALYSIS = YES;
				CLANG_WARN_STRICT_PROTOTYPES = YES;
				CLANG_WARN_SUSPICIOUS_MOVE = YES;
				CLANG_WARN_UNGUARDED_AVAILABILITY = YES_AGGRESSIVE;
				CLANG_WARN_UNREACHABLE_CODE = YES;
				CLANG_WARN__DUPLICATE_METHOD_MATCH = YES;
				COPY_PHASE_STRIP = NO;
				DEBUG_INFORMATION_FORMAT = dwarf;
				ENABLE_STRICT_OBJC_MSGSEND = YES;
				ENABLE_TESTABILITY = YES;
				GCC_C_LANGUAGE_STANDARD = gnu11;
				GCC_DYNAMIC_NO_PIC = NO;
				GCC_NO_COMMON_BLOCKS = YES;
				GCC_OPTIMIZATION_LEVEL = 0;
				GCC_PREPROCESSOR_DEFINITIONS = (
					"DEBUG=1",
					"$(inherited)",
				);
				GCC_WARN_64_TO_32_BIT_CONVERSION = YES;
				GCC_WARN_ABOUT_RETURN_TYPE = YES_ERROR;
				GCC_WARN_UNDECLARED_SELECTOR = YES;
				GCC_WARN_UNINITIALIZED_AUTOS = YES_AGGRESSIVE;
				GCC_WARN_UNUSED_FUNCTION = YES;
				GCC_WARN_UNUSED_VARIABLE = YES;
				IPHONEOS_DEPLOYMENT_TARGET = 16.0;
				MTL_ENABLE_DEBUG_INFO = INCLUDE_SOURCE;
				MTL_FAST_MATH = YES;
				ONLY_ACTIVE_ARCH = YES;
				SDKROOT = iphoneos;
				SWIFT_ACTIVE_COMPILATION_CONDITIONS = DEBUG;
				SWIFT_OPTIMIZATION_LEVEL = "-Onone";
			};
			name = Debug;
		};
		CDAF7A022A14E61500F4976C /* Release */ = {
			isa = XCBuildConfiguration;
			buildSettings = {
				ALWAYS_SEARCH_USER_PATHS = NO;
				CLANG_ANALYZER_NONNULL = YES;
				CLANG_ANALYZER_NUMBER_OBJECT_CONVERSION = YES_AGGRESSIVE;
				CLANG_CXX_LANGUAGE_STANDARD = "gnu++20";
				CLANG_ENABLE_MODULES = YES;
				CLANG_ENABLE_OBJC_ARC = YES;
				CLANG_ENABLE_OBJC_WEAK = YES;
				CLANG_WARN_BLOCK_CAPTURE_AUTORELEASING = YES;
				CLANG_WARN_BOOL_CONVERSION = YES;
				CLANG_WARN_COMMA = YES;
				CLANG_WARN_CONSTANT_CONVERSION = YES;
				CLANG_WARN_DEPRECATED_OBJC_IMPLEMENTATIONS = YES;
				CLANG_WARN_DIRECT_OBJC_ISA_USAGE = YES_ERROR;
				CLANG_WARN_DOCUMENTATION_COMMENTS = YES;
				CLANG_WARN_EMPTY_BODY = YES;
				CLANG_WARN_ENUM_CONVERSION = YES;
				CLANG_WARN_INFINITE_RECURSION = YES;
				CLANG_WARN_INT_CONVERSION = YES;
				CLANG_WARN_NON_LITERAL_NULL_CONVERSION = YES;
				CLANG_WARN_OBJC_IMPLICIT_RETAIN_SELF = YES;
				CLANG_WARN_OBJC_LITERAL_CONVERSION = YES;
				CLANG_WARN_OBJC_ROOT_CLASS = YES_ERROR;
				CLANG_WARN_QUOTED_INCLUDE_IN_FRAMEWORK_HEADER = YES;
				CLANG_WARN_RANGE_LOOP_ANALYSIS = YES;
				CLANG_WARN_STRICT_PROTOTYPES = YES;
				CLANG_WARN_SUSPICIOUS_MOVE = YES;
				CLANG_WARN_UNGUARDED_AVAILABILITY = YES_AGGRESSIVE;
				CLANG_WARN_UNREACHABLE_CODE = YES;
				CLANG_WARN__DUPLICATE_METHOD_MATCH = YES;
				COPY_PHASE_STRIP = NO;
				DEBUG_INFORMATION_FORMAT = "dwarf-with-dsym";
				ENABLE_NS_ASSERTIONS = NO;
				ENABLE_STRICT_OBJC_MSGSEND = YES;
				GCC_C_LANGUAGE_STANDARD = gnu11;
				GCC_NO_COMMON_BLOCKS = YES;
				GCC_WARN_64_TO_32_BIT_CONVERSION = YES;
				GCC_WARN_ABOUT_RETURN_TYPE = YES_ERROR;
				GCC_WARN_UNDECLARED_SELECTOR = YES;
				GCC_WARN_UNINITIALIZED_AUTOS = YES_AGGRESSIVE;
				GCC_WARN_UNUSED_FUNCTION = YES;
				GCC_WARN_UNUSED_VARIABLE = YES;
				IPHONEOS_DEPLOYMENT_TARGET = 16.0;
				MTL_ENABLE_DEBUG_INFO = NO;
				MTL_FAST_MATH = YES;
				SDKROOT = iphoneos;
				SWIFT_COMPILATION_MODE = wholemodule;
				SWIFT_OPTIMIZATION_LEVEL = "-O";
				VALIDATE_PRODUCT = YES;
			};
			name = Release;
		};
		CDAF7A042A14E61500F4976C /* Debug */ = {
			isa = XCBuildConfiguration;
			buildSettings = {
				ASSETCATALOG_COMPILER_APPICON_NAME = AppIcon;
				ASSETCATALOG_COMPILER_GLOBAL_ACCENT_COLOR_NAME = AccentColor;
				CODE_SIGN_STYLE = Automatic;
				CURRENT_PROJECT_VERSION = 1;
				DEVELOPMENT_ASSET_PATHS = "\"FundacjaSantanderDesign/Preview Content\"";
				DEVELOPMENT_TEAM = 5NMXNJ3368;
				ENABLE_PREVIEWS = YES;
				GENERATE_INFOPLIST_FILE = YES;
				INFOPLIST_FILE = FundacjaSantanderDesign/Info.plist;
				INFOPLIST_KEY_CFBundleDisplayName = "Fundacja Santander";
				INFOPLIST_KEY_LSApplicationCategoryType = "public.app-category.news";
				INFOPLIST_KEY_UIApplicationSceneManifest_Generation = YES;
				INFOPLIST_KEY_UIApplicationSupportsIndirectInputEvents = YES;
				INFOPLIST_KEY_UILaunchScreen_Generation = YES;
				INFOPLIST_KEY_UISupportedInterfaceOrientations = UIInterfaceOrientationPortrait;
				INFOPLIST_KEY_UISupportedInterfaceOrientations_iPad = "UIInterfaceOrientationLandscapeLeft UIInterfaceOrientationLandscapeRight UIInterfaceOrientationPortrait UIInterfaceOrientationPortraitUpsideDown";
				IPHONEOS_DEPLOYMENT_TARGET = "";
				"IPHONEOS_DEPLOYMENT_TARGET[sdk=iphoneos*]" = 16.0;
				LD_RUNPATH_SEARCH_PATHS = (
					"$(inherited)",
					"@executable_path/Frameworks",
				);
				MARKETING_VERSION = 1.0;
				PRODUCT_BUNDLE_IDENTIFIER = pl.mediagfx.FundacjaSantanderDesign;
				PRODUCT_NAME = "$(TARGET_NAME)";
				SUPPORTED_PLATFORMS = "iphoneos iphonesimulator";
				SUPPORTS_MACCATALYST = NO;
				SUPPORTS_MAC_DESIGNED_FOR_IPHONE_IPAD = NO;
				SWIFT_EMIT_LOC_STRINGS = YES;
				SWIFT_VERSION = 5.0;
				TARGETED_DEVICE_FAMILY = 1;
			};
			name = Debug;
		};
		CDAF7A052A14E61500F4976C /* Release */ = {
			isa = XCBuildConfiguration;
			buildSettings = {
				ASSETCATALOG_COMPILER_APPICON_NAME = AppIcon;
				ASSETCATALOG_COMPILER_GLOBAL_ACCENT_COLOR_NAME = AccentColor;
				CODE_SIGN_STYLE = Automatic;
				CURRENT_PROJECT_VERSION = 1;
				DEVELOPMENT_ASSET_PATHS = "\"FundacjaSantanderDesign/Preview Content\"";
				DEVELOPMENT_TEAM = 5NMXNJ3368;
				ENABLE_PREVIEWS = YES;
				GENERATE_INFOPLIST_FILE = YES;
				INFOPLIST_FILE = FundacjaSantanderDesign/Info.plist;
				INFOPLIST_KEY_CFBundleDisplayName = "Fundacja Santander";
				INFOPLIST_KEY_LSApplicationCategoryType = "public.app-category.news";
				INFOPLIST_KEY_UIApplicationSceneManifest_Generation = YES;
				INFOPLIST_KEY_UIApplicationSupportsIndirectInputEvents = YES;
				INFOPLIST_KEY_UILaunchScreen_Generation = YES;
				INFOPLIST_KEY_UISupportedInterfaceOrientations = UIInterfaceOrientationPortrait;
				INFOPLIST_KEY_UISupportedInterfaceOrientations_iPad = "UIInterfaceOrientationLandscapeLeft UIInterfaceOrientationLandscapeRight UIInterfaceOrientationPortrait UIInterfaceOrientationPortraitUpsideDown";
				IPHONEOS_DEPLOYMENT_TARGET = "";
				"IPHONEOS_DEPLOYMENT_TARGET[sdk=iphoneos*]" = 16.0;
				LD_RUNPATH_SEARCH_PATHS = (
					"$(inherited)",
					"@executable_path/Frameworks",
				);
				MARKETING_VERSION = 1.0;
				PRODUCT_BUNDLE_IDENTIFIER = pl.mediagfx.FundacjaSantanderDesign;
				PRODUCT_NAME = "$(TARGET_NAME)";
				SUPPORTED_PLATFORMS = "iphoneos iphonesimulator";
				SUPPORTS_MACCATALYST = NO;
				SUPPORTS_MAC_DESIGNED_FOR_IPHONE_IPAD = NO;
				SWIFT_EMIT_LOC_STRINGS = YES;
				SWIFT_VERSION = 5.0;
				TARGETED_DEVICE_FAMILY = 1;
			};
			name = Release;
		};
/* End XCBuildConfiguration section */

/* Begin XCConfigurationList section */
		CDAF79F02A14E61400F4976C /* Build configuration list for PBXProject "FundacjaSantanderDesign" */ = {
			isa = XCConfigurationList;
			buildConfigurations = (
				CDAF7A012A14E61500F4976C /* Debug */,
				CDAF7A022A14E61500F4976C /* Release */,
			);
			defaultConfigurationIsVisible = 0;
			defaultConfigurationName = Release;
		};
		CDAF7A032A14E61500F4976C /* Build configuration list for PBXNativeTarget "FundacjaSantanderDesign" */ = {
			isa = XCConfigurationList;
			buildConfigurations = (
				CDAF7A042A14E61500F4976C /* Debug */,
				CDAF7A052A14E61500F4976C /* Release */,
			);
			defaultConfigurationIsVisible = 0;
			defaultConfigurationName = Release;
		};
/* End XCConfigurationList section */

/* Begin XCVersionGroup section */
		CD63731C2A176CE1005476EB /* Model.xcdatamodeld */ = {
			isa = XCVersionGroup;
			children = (
				CD63731D2A176CE1005476EB /* Model.xcdatamodel */,
			);
			currentVersion = CD63731D2A176CE1005476EB /* Model.xcdatamodel */;
			path = Model.xcdatamodeld;
			sourceTree = "<group>";
			versionGroupType = wrapper.xcdatamodel;
		};
/* End XCVersionGroup section */
	};
	rootObject = CDAF79ED2A14E61400F4976C /* Project object */;
}
