// !$*UTF8*$!
{
	archiveVersion = 1;
	classes = {
	};
	objectVersion = 56;
	objects = {

/* Begin PBXBuildFile section */
		CD0A37D32A29EE37006F7A36 /* DonationFormView.swift in Sources */ = {isa = PBXBuildFile; fileRef = CD0A37D22A29EE37006F7A36 /* DonationFormView.swift */; };
		CD1916272A2385B800203347 /* CoreDataTestCategoryView.swift in Sources */ = {isa = PBXBuildFile; fileRef = CD1916262A2385B800203347 /* CoreDataTestCategoryView.swift */; };
		CD1916292A238F0C00203347 /* AnimatedLogo.swift in Sources */ = {isa = PBXBuildFile; fileRef = CD1916282A238F0C00203347 /* AnimatedLogo.swift */; };
		CD19162B2A23BB1000203347 /* CoreDataThumbTestView.swift in Sources */ = {isa = PBXBuildFile; fileRef = CD19162A2A23BB1000203347 /* CoreDataThumbTestView.swift */; };
		CD35BDD12A28CAC3002542D5 /* PaymentURLGenerator.swift in Sources */ = {isa = PBXBuildFile; fileRef = CD35BDD02A28CAC3002542D5 /* PaymentURLGenerator.swift */; };
		CD35BDD42A28CC5A002542D5 /* PaymentsLinkTest.swift in Sources */ = {isa = PBXBuildFile; fileRef = CD35BDD32A28CC5A002542D5 /* PaymentsLinkTest.swift */; };
		CD4702292A2675DB00A0EA24 /* TextProcessor.swift in Sources */ = {isa = PBXBuildFile; fileRef = CD4702282A2675DB00A0EA24 /* TextProcessor.swift */; };
		CD47022C2A26777900A0EA24 /* SwiftSoup in Frameworks */ = {isa = PBXBuildFile; productRef = CD47022B2A26777900A0EA24 /* SwiftSoup */; };
		CD47022E2A2678EF00A0EA24 /* TestTextView.swift in Sources */ = {isa = PBXBuildFile; fileRef = CD47022D2A2678EF00A0EA24 /* TestTextView.swift */; };
		CD5276362A25D36200A4CD23 /* Authors.swift in Sources */ = {isa = PBXBuildFile; fileRef = CD5276352A25D36200A4CD23 /* Authors.swift */; };
		CD57910A2A1D47B800E53902 /* WordPressAPI.swift in Sources */ = {isa = PBXBuildFile; fileRef = CD5791092A1D47B800E53902 /* WordPressAPI.swift */; };
		CD6373162A16B157005476EB /* WordpressJSONstruct.swift in Sources */ = {isa = PBXBuildFile; fileRef = CD6373152A16B157005476EB /* WordpressJSONstruct.swift */; };
		CD63731E2A176CE1005476EB /* Model.xcdatamodeld in Sources */ = {isa = PBXBuildFile; fileRef = CD63731C2A176CE1005476EB /* Model.xcdatamodeld */; };
		CD6373202A17751C005476EB /* StatusView.swift in Sources */ = {isa = PBXBuildFile; fileRef = CD63731F2A17751C005476EB /* StatusView.swift */; };
		CD6373272A178500005476EB /* DateConverter.swift in Sources */ = {isa = PBXBuildFile; fileRef = CD6373262A178500005476EB /* DateConverter.swift */; };
		CD6373292A178561005476EB /* PersistanceController.swift in Sources */ = {isa = PBXBuildFile; fileRef = CD6373282A178561005476EB /* PersistanceController.swift */; };
		CD63732B2A1786EF005476EB /* SaveCoreData.swift in Sources */ = {isa = PBXBuildFile; fileRef = CD63732A2A1786EF005476EB /* SaveCoreData.swift */; };
		CD63732D2A17978A005476EB /* TestJSON.swift in Sources */ = {isa = PBXBuildFile; fileRef = CD63732C2A17978A005476EB /* TestJSON.swift */; };
		CD6373312A17A20B005476EB /* FetchAndSaveThumbnails.swift in Sources */ = {isa = PBXBuildFile; fileRef = CD6373302A17A20B005476EB /* FetchAndSaveThumbnails.swift */; };
		CD6373352A17A59E005476EB /* SafariView.swift in Sources */ = {isa = PBXBuildFile; fileRef = CD6373342A17A59E005476EB /* SafariView.swift */; };
		CD6373372A17AF9D005476EB /* ImageHolder.swift in Sources */ = {isa = PBXBuildFile; fileRef = CD6373362A17AF9D005476EB /* ImageHolder.swift */; };
		CD6373392A17B938005476EB /* GetCategoryName.swift in Sources */ = {isa = PBXBuildFile; fileRef = CD6373382A17B938005476EB /* GetCategoryName.swift */; };
		CD6C411A2A209B830028A2BC /* ProjektyView.swift in Sources */ = {isa = PBXBuildFile; fileRef = CD6C41192A209B830028A2BC /* ProjektyView.swift */; };
		CD6C411F2A20E5040028A2BC /* LoadingScreen.swift in Sources */ = {isa = PBXBuildFile; fileRef = CD6C411E2A20E5040028A2BC /* LoadingScreen.swift */; };
		CD7DE5512A18BC22007DD036 /* GlobalVariable.swift in Sources */ = {isa = PBXBuildFile; fileRef = CD7DE5502A18BC22007DD036 /* GlobalVariable.swift */; };
		CD7FC8122A24D11A008B26A4 /* FaqService.swift in Sources */ = {isa = PBXBuildFile; fileRef = CD7FC8112A24D11A008B26A4 /* FaqService.swift */; };
		CD7FC8142A24D449008B26A4 /* FaqList.swift in Sources */ = {isa = PBXBuildFile; fileRef = CD7FC8132A24D449008B26A4 /* FaqList.swift */; };
		CD8463AC2A24EC9D00323C8A /* FormElement.swift in Sources */ = {isa = PBXBuildFile; fileRef = CD8463AB2A24EC9D00323C8A /* FormElement.swift */; };
		CD8463AE2A250DE200323C8A /* DonationForms.swift in Sources */ = {isa = PBXBuildFile; fileRef = CD8463AD2A250DE200323C8A /* DonationForms.swift */; };
		CD9ED3B02A161D6D008F23D0 /* PaymentSymbol.swift in Sources */ = {isa = PBXBuildFile; fileRef = CD9ED3AF2A161D6D008F23D0 /* PaymentSymbol.swift */; };
		CD9ED3B32A162BD4008F23D0 /* ContactInfo.swift in Sources */ = {isa = PBXBuildFile; fileRef = CD9ED3B22A162BD4008F23D0 /* ContactInfo.swift */; };
		CD9ED3B52A163274008F23D0 /* Title.swift in Sources */ = {isa = PBXBuildFile; fileRef = CD9ED3B42A163274008F23D0 /* Title.swift */; };
		CD9ED3B72A1634ED008F23D0 /* NewsItem.swift in Sources */ = {isa = PBXBuildFile; fileRef = CD9ED3B62A1634ED008F23D0 /* NewsItem.swift */; };
		CD9ED3B92A163908008F23D0 /* FaqItem.swift in Sources */ = {isa = PBXBuildFile; fileRef = CD9ED3B82A163908008F23D0 /* FaqItem.swift */; };
		CD9ED3BB2A1644C3008F23D0 /* PaginationButton.swift in Sources */ = {isa = PBXBuildFile; fileRef = CD9ED3BA2A1644C3008F23D0 /* PaginationButton.swift */; };
		CDA79B852A272D30007D120B /* MarkdownUI in Frameworks */ = {isa = PBXBuildFile; productRef = CDA79B842A272D30007D120B /* MarkdownUI */; };
		CDA79B872A27DBBC007D120B /* CategoriesView.swift in Sources */ = {isa = PBXBuildFile; fileRef = CDA79B862A27DBBC007D120B /* CategoriesView.swift */; };
		CDA95DD52A2499BC0043AE8B /* Lottie in Frameworks */ = {isa = PBXBuildFile; productRef = CDA95DD42A2499BC0043AE8B /* Lottie */; };
		CDA95DD72A24ACBC0043AE8B /* NewsLists.swift in Sources */ = {isa = PBXBuildFile; fileRef = CDA95DD62A24ACBC0043AE8B /* NewsLists.swift */; };
		CDA95DD92A24B7810043AE8B /* LinkImageView.swift in Sources */ = {isa = PBXBuildFile; fileRef = CDA95DD82A24B7810043AE8B /* LinkImageView.swift */; };
		CDAF79F92A14E61400F4976C /* FundacjaSantanderDesignApp.swift in Sources */ = {isa = PBXBuildFile; fileRef = CDAF79F82A14E61400F4976C /* FundacjaSantanderDesignApp.swift */; };
		CDAF79FB2A14E61400F4976C /* MainView.swift in Sources */ = {isa = PBXBuildFile; fileRef = CDAF79FA2A14E61400F4976C /* MainView.swift */; };
		CDAF79FD2A14E61500F4976C /* Assets.xcassets in Resources */ = {isa = PBXBuildFile; fileRef = CDAF79FC2A14E61500F4976C /* Assets.xcassets */; };
		CDAF7A002A14E61500F4976C /* Preview Assets.xcassets in Resources */ = {isa = PBXBuildFile; fileRef = CDAF79FF2A14E61500F4976C /* Preview Assets.xcassets */; };
		CDAF7A082A14ECD700F4976C /* StartView.swift in Sources */ = {isa = PBXBuildFile; fileRef = CDAF7A072A14ECD700F4976C /* StartView.swift */; };
		CDAF7A0A2A14ECED00F4976C /* AktualnosciView.swift in Sources */ = {isa = PBXBuildFile; fileRef = CDAF7A092A14ECED00F4976C /* AktualnosciView.swift */; };
		CDAF7A0C2A14ECFF00F4976C /* PomagajView.swift in Sources */ = {isa = PBXBuildFile; fileRef = CDAF7A0B2A14ECFF00F4976C /* PomagajView.swift */; };
		CDAF7A0E2A14ED0F00F4976C /* ProjectList.swift in Sources */ = {isa = PBXBuildFile; fileRef = CDAF7A0D2A14ED0F00F4976C /* ProjectList.swift */; };
		CDAF7A102A14ED1D00F4976C /* FAQView.swift in Sources */ = {isa = PBXBuildFile; fileRef = CDAF7A0F2A14ED1D00F4976C /* FAQView.swift */; };
		CDAF7A1E2A14FCBF00F4976C /* SantanderHeadline-BoldIt.ttf in Resources */ = {isa = PBXBuildFile; fileRef = CDAF7A132A14FCBF00F4976C /* SantanderHeadline-BoldIt.ttf */; };
		CDAF7A1F2A14FCBF00F4976C /* SantanderHeadline-Bold.ttf in Resources */ = {isa = PBXBuildFile; fileRef = CDAF7A142A14FCBF00F4976C /* SantanderHeadline-Bold.ttf */; };
		CDAF7A202A14FCBF00F4976C /* SantanderHeadline-Regular.ttf in Resources */ = {isa = PBXBuildFile; fileRef = CDAF7A152A14FCBF00F4976C /* SantanderHeadline-Regular.ttf */; };
		CDAF7A212A14FCBF00F4976C /* SantanderHeadline-It.ttf in Resources */ = {isa = PBXBuildFile; fileRef = CDAF7A162A14FCBF00F4976C /* SantanderHeadline-It.ttf */; };
		CDAF7A222A14FCBF00F4976C /* SantanderText-BoldItalic.ttf in Resources */ = {isa = PBXBuildFile; fileRef = CDAF7A182A14FCBF00F4976C /* SantanderText-BoldItalic.ttf */; };
		CDAF7A232A14FCBF00F4976C /* SantanderText-Italic.ttf in Resources */ = {isa = PBXBuildFile; fileRef = CDAF7A192A14FCBF00F4976C /* SantanderText-Italic.ttf */; };
		CDAF7A242A14FCBF00F4976C /* SantanderText-Light.ttf in Resources */ = {isa = PBXBuildFile; fileRef = CDAF7A1A2A14FCBF00F4976C /* SantanderText-Light.ttf */; };
		CDAF7A252A14FCBF00F4976C /* SantanderText-Bold.ttf in Resources */ = {isa = PBXBuildFile; fileRef = CDAF7A1B2A14FCBF00F4976C /* SantanderText-Bold.ttf */; };
		CDAF7A262A14FCBF00F4976C /* SantanderText-LightItalic.ttf in Resources */ = {isa = PBXBuildFile; fileRef = CDAF7A1C2A14FCBF00F4976C /* SantanderText-LightItalic.ttf */; };
		CDAF7A272A14FCBF00F4976C /* SantanderText-Regular.ttf in Resources */ = {isa = PBXBuildFile; fileRef = CDAF7A1D2A14FCBF00F4976C /* SantanderText-Regular.ttf */; };
		CDAF7A2E2A1512F100F4976C /* TabBarItem.swift in Sources */ = {isa = PBXBuildFile; fileRef = CDAF7A2D2A1512F100F4976C /* TabBarItem.swift */; };
		CDAF7A312A151FB900F4976C /* WelcomeBanner.swift in Sources */ = {isa = PBXBuildFile; fileRef = CDAF7A302A151FB900F4976C /* WelcomeBanner.swift */; };
		CDAF7A352A1539A900F4976C /* DonationBanner.swift in Sources */ = {isa = PBXBuildFile; fileRef = CDAF7A342A1539A900F4976C /* DonationBanner.swift */; };
		CDAF7A372A15432600F4976C /* ProjectItem.swift in Sources */ = {isa = PBXBuildFile; fileRef = CDAF7A362A15432600F4976C /* ProjectItem.swift */; };
		CDAF7A3D2A15531100F4976C /* DonationBannerForm.swift in Sources */ = {isa = PBXBuildFile; fileRef = CDAF7A3C2A15531100F4976C /* DonationBannerForm.swift */; };
		CDAF7A3F2A15595A00F4976C /* Blik.swift in Sources */ = {isa = PBXBuildFile; fileRef = CDAF7A3E2A15595A00F4976C /* Blik.swift */; };
		CDBBCCC32A1D1EAB0038718E /* PostQuery.swift in Sources */ = {isa = PBXBuildFile; fileRef = CDBBCCC22A1D1EAB0038718E /* PostQuery.swift */; };
		CDC560472A25C38F00AF6582 /* PostDetailView.swift in Sources */ = {isa = PBXBuildFile; fileRef = CDC560462A25C38F00AF6582 /* PostDetailView.swift */; };
		CDF817132A1B475300FB1461 /* CategoriesService.swift in Sources */ = {isa = PBXBuildFile; fileRef = CDF817122A1B475300FB1461 /* CategoriesService.swift */; };
		CDF817162A1B603C00FB1461 /* Error.swift in Sources */ = {isa = PBXBuildFile; fileRef = CDF817152A1B603C00FB1461 /* Error.swift */; };
		CDF967AE2A1DF75E00DC1722 /* DataManager.swift in Sources */ = {isa = PBXBuildFile; fileRef = CDF967AD2A1DF75E00DC1722 /* DataManager.swift */; };
/* End PBXBuildFile section */

/* Begin PBXFileReference section */
		CD0A37D22A29EE37006F7A36 /* DonationFormView.swift */ = {isa = PBXFileReference; lastKnownFileType = sourcecode.swift; path = DonationFormView.swift; sourceTree = "<group>"; };
		CD1916262A2385B800203347 /* CoreDataTestCategoryView.swift */ = {isa = PBXFileReference; lastKnownFileType = sourcecode.swift; path = CoreDataTestCategoryView.swift; sourceTree = "<group>"; };
		CD1916282A238F0C00203347 /* AnimatedLogo.swift */ = {isa = PBXFileReference; lastKnownFileType = sourcecode.swift; path = AnimatedLogo.swift; sourceTree = "<group>"; };
		CD19162A2A23BB1000203347 /* CoreDataThumbTestView.swift */ = {isa = PBXFileReference; lastKnownFileType = sourcecode.swift; path = CoreDataThumbTestView.swift; sourceTree = "<group>"; };
		CD35BDD02A28CAC3002542D5 /* PaymentURLGenerator.swift */ = {isa = PBXFileReference; lastKnownFileType = sourcecode.swift; path = PaymentURLGenerator.swift; sourceTree = "<group>"; };
		CD35BDD32A28CC5A002542D5 /* PaymentsLinkTest.swift */ = {isa = PBXFileReference; lastKnownFileType = sourcecode.swift; path = PaymentsLinkTest.swift; sourceTree = "<group>"; };
		CD4702282A2675DB00A0EA24 /* TextProcessor.swift */ = {isa = PBXFileReference; lastKnownFileType = sourcecode.swift; path = TextProcessor.swift; sourceTree = "<group>"; };
		CD47022D2A2678EF00A0EA24 /* TestTextView.swift */ = {isa = PBXFileReference; lastKnownFileType = sourcecode.swift; path = TestTextView.swift; sourceTree = "<group>"; };
		CD5276352A25D36200A4CD23 /* Authors.swift */ = {isa = PBXFileReference; lastKnownFileType = sourcecode.swift; path = Authors.swift; sourceTree = "<group>"; };
		CD5791082A1D42EF00E53902 /* KrokiAplikacji.md */ = {isa = PBXFileReference; lastKnownFileType = net.daringfireball.markdown; path = KrokiAplikacji.md; sourceTree = "<group>"; };
		CD5791092A1D47B800E53902 /* WordPressAPI.swift */ = {isa = PBXFileReference; lastKnownFileType = sourcecode.swift; path = WordPressAPI.swift; sourceTree = "<group>"; };
		CD6373152A16B157005476EB /* WordpressJSONstruct.swift */ = {isa = PBXFileReference; lastKnownFileType = sourcecode.swift; path = WordpressJSONstruct.swift; sourceTree = "<group>"; };
		CD63731D2A176CE1005476EB /* Model.xcdatamodel */ = {isa = PBXFileReference; lastKnownFileType = wrapper.xcdatamodel; path = Model.xcdatamodel; sourceTree = "<group>"; };
		CD63731F2A17751C005476EB /* StatusView.swift */ = {isa = PBXFileReference; lastKnownFileType = sourcecode.swift; path = StatusView.swift; sourceTree = "<group>"; };
		CD6373262A178500005476EB /* DateConverter.swift */ = {isa = PBXFileReference; lastKnownFileType = sourcecode.swift; path = DateConverter.swift; sourceTree = "<group>"; };
		CD6373282A178561005476EB /* PersistanceController.swift */ = {isa = PBXFileReference; lastKnownFileType = sourcecode.swift; path = PersistanceController.swift; sourceTree = "<group>"; };
		CD63732A2A1786EF005476EB /* SaveCoreData.swift */ = {isa = PBXFileReference; lastKnownFileType = sourcecode.swift; path = SaveCoreData.swift; sourceTree = "<group>"; };
		CD63732C2A17978A005476EB /* TestJSON.swift */ = {isa = PBXFileReference; lastKnownFileType = sourcecode.swift; path = TestJSON.swift; sourceTree = "<group>"; };
		CD6373302A17A20B005476EB /* FetchAndSaveThumbnails.swift */ = {isa = PBXFileReference; lastKnownFileType = sourcecode.swift; path = FetchAndSaveThumbnails.swift; sourceTree = "<group>"; };
		CD6373342A17A59E005476EB /* SafariView.swift */ = {isa = PBXFileReference; lastKnownFileType = sourcecode.swift; path = SafariView.swift; sourceTree = "<group>"; };
		CD6373362A17AF9D005476EB /* ImageHolder.swift */ = {isa = PBXFileReference; lastKnownFileType = sourcecode.swift; path = ImageHolder.swift; sourceTree = "<group>"; };
		CD6373382A17B938005476EB /* GetCategoryName.swift */ = {isa = PBXFileReference; lastKnownFileType = sourcecode.swift; path = GetCategoryName.swift; sourceTree = "<group>"; };
		CD6C41192A209B830028A2BC /* ProjektyView.swift */ = {isa = PBXFileReference; lastKnownFileType = sourcecode.swift; path = ProjektyView.swift; sourceTree = "<group>"; };
		CD6C411E2A20E5040028A2BC /* LoadingScreen.swift */ = {isa = PBXFileReference; lastKnownFileType = sourcecode.swift; path = LoadingScreen.swift; sourceTree = "<group>"; };
		CD7DE5502A18BC22007DD036 /* GlobalVariable.swift */ = {isa = PBXFileReference; lastKnownFileType = sourcecode.swift; path = GlobalVariable.swift; sourceTree = "<group>"; };
		CD7FC8112A24D11A008B26A4 /* FaqService.swift */ = {isa = PBXFileReference; lastKnownFileType = sourcecode.swift; path = FaqService.swift; sourceTree = "<group>"; };
		CD7FC8132A24D449008B26A4 /* FaqList.swift */ = {isa = PBXFileReference; lastKnownFileType = sourcecode.swift; path = FaqList.swift; sourceTree = "<group>"; };
		CD8463AB2A24EC9D00323C8A /* FormElement.swift */ = {isa = PBXFileReference; lastKnownFileType = sourcecode.swift; path = FormElement.swift; sourceTree = "<group>"; };
		CD8463AD2A250DE200323C8A /* DonationForms.swift */ = {isa = PBXFileReference; lastKnownFileType = sourcecode.swift; path = DonationForms.swift; sourceTree = "<group>"; };
		CD9ED3AF2A161D6D008F23D0 /* PaymentSymbol.swift */ = {isa = PBXFileReference; lastKnownFileType = sourcecode.swift; path = PaymentSymbol.swift; sourceTree = "<group>"; };
		CD9ED3B22A162BD4008F23D0 /* ContactInfo.swift */ = {isa = PBXFileReference; lastKnownFileType = sourcecode.swift; path = ContactInfo.swift; sourceTree = "<group>"; };
		CD9ED3B42A163274008F23D0 /* Title.swift */ = {isa = PBXFileReference; lastKnownFileType = sourcecode.swift; path = Title.swift; sourceTree = "<group>"; };
		CD9ED3B62A1634ED008F23D0 /* NewsItem.swift */ = {isa = PBXFileReference; lastKnownFileType = sourcecode.swift; path = NewsItem.swift; sourceTree = "<group>"; };
		CD9ED3B82A163908008F23D0 /* FaqItem.swift */ = {isa = PBXFileReference; lastKnownFileType = sourcecode.swift; path = FaqItem.swift; sourceTree = "<group>"; };
		CD9ED3BA2A1644C3008F23D0 /* PaginationButton.swift */ = {isa = PBXFileReference; lastKnownFileType = sourcecode.swift; path = PaginationButton.swift; sourceTree = "<group>"; };
		CDA79B862A27DBBC007D120B /* CategoriesView.swift */ = {isa = PBXFileReference; lastKnownFileType = sourcecode.swift; path = CategoriesView.swift; sourceTree = "<group>"; };
		CDA95DD62A24ACBC0043AE8B /* NewsLists.swift */ = {isa = PBXFileReference; lastKnownFileType = sourcecode.swift; path = NewsLists.swift; sourceTree = "<group>"; };
		CDA95DD82A24B7810043AE8B /* LinkImageView.swift */ = {isa = PBXFileReference; lastKnownFileType = sourcecode.swift; path = LinkImageView.swift; sourceTree = "<group>"; };
		CDAF79F52A14E61400F4976C /* FundacjaSantanderDesign.app */ = {isa = PBXFileReference; explicitFileType = wrapper.application; includeInIndex = 0; path = FundacjaSantanderDesign.app; sourceTree = BUILT_PRODUCTS_DIR; };
		CDAF79F82A14E61400F4976C /* FundacjaSantanderDesignApp.swift */ = {isa = PBXFileReference; lastKnownFileType = sourcecode.swift; path = FundacjaSantanderDesignApp.swift; sourceTree = "<group>"; };
		CDAF79FA2A14E61400F4976C /* MainView.swift */ = {isa = PBXFileReference; lastKnownFileType = sourcecode.swift; path = MainView.swift; sourceTree = "<group>"; };
		CDAF79FC2A14E61500F4976C /* Assets.xcassets */ = {isa = PBXFileReference; lastKnownFileType = folder.assetcatalog; path = Assets.xcassets; sourceTree = "<group>"; };
		CDAF79FF2A14E61500F4976C /* Preview Assets.xcassets */ = {isa = PBXFileReference; lastKnownFileType = folder.assetcatalog; path = "Preview Assets.xcassets"; sourceTree = "<group>"; };
		CDAF7A072A14ECD700F4976C /* StartView.swift */ = {isa = PBXFileReference; lastKnownFileType = sourcecode.swift; path = StartView.swift; sourceTree = "<group>"; };
		CDAF7A092A14ECED00F4976C /* AktualnosciView.swift */ = {isa = PBXFileReference; lastKnownFileType = sourcecode.swift; path = AktualnosciView.swift; sourceTree = "<group>"; };
		CDAF7A0B2A14ECFF00F4976C /* PomagajView.swift */ = {isa = PBXFileReference; lastKnownFileType = sourcecode.swift; path = PomagajView.swift; sourceTree = "<group>"; };
		CDAF7A0D2A14ED0F00F4976C /* ProjectList.swift */ = {isa = PBXFileReference; lastKnownFileType = sourcecode.swift; path = ProjectList.swift; sourceTree = "<group>"; };
		CDAF7A0F2A14ED1D00F4976C /* FAQView.swift */ = {isa = PBXFileReference; lastKnownFileType = sourcecode.swift; path = FAQView.swift; sourceTree = "<group>"; };
		CDAF7A132A14FCBF00F4976C /* SantanderHeadline-BoldIt.ttf */ = {isa = PBXFileReference; lastKnownFileType = file; path = "SantanderHeadline-BoldIt.ttf"; sourceTree = "<group>"; };
		CDAF7A142A14FCBF00F4976C /* SantanderHeadline-Bold.ttf */ = {isa = PBXFileReference; lastKnownFileType = file; path = "SantanderHeadline-Bold.ttf"; sourceTree = "<group>"; };
		CDAF7A152A14FCBF00F4976C /* SantanderHeadline-Regular.ttf */ = {isa = PBXFileReference; lastKnownFileType = file; path = "SantanderHeadline-Regular.ttf"; sourceTree = "<group>"; };
		CDAF7A162A14FCBF00F4976C /* SantanderHeadline-It.ttf */ = {isa = PBXFileReference; lastKnownFileType = file; path = "SantanderHeadline-It.ttf"; sourceTree = "<group>"; };
		CDAF7A182A14FCBF00F4976C /* SantanderText-BoldItalic.ttf */ = {isa = PBXFileReference; lastKnownFileType = file; path = "SantanderText-BoldItalic.ttf"; sourceTree = "<group>"; };
		CDAF7A192A14FCBF00F4976C /* SantanderText-Italic.ttf */ = {isa = PBXFileReference; lastKnownFileType = file; path = "SantanderText-Italic.ttf"; sourceTree = "<group>"; };
		CDAF7A1A2A14FCBF00F4976C /* SantanderText-Light.ttf */ = {isa = PBXFileReference; lastKnownFileType = file; path = "SantanderText-Light.ttf"; sourceTree = "<group>"; };
		CDAF7A1B2A14FCBF00F4976C /* SantanderText-Bold.ttf */ = {isa = PBXFileReference; lastKnownFileType = file; path = "SantanderText-Bold.ttf"; sourceTree = "<group>"; };
		CDAF7A1C2A14FCBF00F4976C /* SantanderText-LightItalic.ttf */ = {isa = PBXFileReference; lastKnownFileType = file; path = "SantanderText-LightItalic.ttf"; sourceTree = "<group>"; };
		CDAF7A1D2A14FCBF00F4976C /* SantanderText-Regular.ttf */ = {isa = PBXFileReference; lastKnownFileType = file; path = "SantanderText-Regular.ttf"; sourceTree = "<group>"; };
		CDAF7A282A14FD8500F4976C /* Info.plist */ = {isa = PBXFileReference; lastKnownFileType = text.plist; path = Info.plist; sourceTree = "<group>"; };
		CDAF7A2D2A1512F100F4976C /* TabBarItem.swift */ = {isa = PBXFileReference; lastKnownFileType = sourcecode.swift; path = TabBarItem.swift; sourceTree = "<group>"; };
		CDAF7A302A151FB900F4976C /* WelcomeBanner.swift */ = {isa = PBXFileReference; lastKnownFileType = sourcecode.swift; path = WelcomeBanner.swift; sourceTree = "<group>"; };
		CDAF7A342A1539A900F4976C /* DonationBanner.swift */ = {isa = PBXFileReference; lastKnownFileType = sourcecode.swift; path = DonationBanner.swift; sourceTree = "<group>"; };
		CDAF7A362A15432600F4976C /* ProjectItem.swift */ = {isa = PBXFileReference; lastKnownFileType = sourcecode.swift; path = ProjectItem.swift; sourceTree = "<group>"; };
		CDAF7A3C2A15531100F4976C /* DonationBannerForm.swift */ = {isa = PBXFileReference; lastKnownFileType = sourcecode.swift; path = DonationBannerForm.swift; sourceTree = "<group>"; };
		CDAF7A3E2A15595A00F4976C /* Blik.swift */ = {isa = PBXFileReference; lastKnownFileType = sourcecode.swift; path = Blik.swift; sourceTree = "<group>"; };
		CDBBCCC22A1D1EAB0038718E /* PostQuery.swift */ = {isa = PBXFileReference; lastKnownFileType = sourcecode.swift; path = PostQuery.swift; sourceTree = "<group>"; };
		CDC560462A25C38F00AF6582 /* PostDetailView.swift */ = {isa = PBXFileReference; lastKnownFileType = sourcecode.swift; path = PostDetailView.swift; sourceTree = "<group>"; };
		CDF817122A1B475300FB1461 /* CategoriesService.swift */ = {isa = PBXFileReference; lastKnownFileType = sourcecode.swift; path = CategoriesService.swift; sourceTree = "<group>"; };
		CDF817152A1B603C00FB1461 /* Error.swift */ = {isa = PBXFileReference; lastKnownFileType = sourcecode.swift; path = Error.swift; sourceTree = "<group>"; };
		CDF967AD2A1DF75E00DC1722 /* DataManager.swift */ = {isa = PBXFileReference; lastKnownFileType = sourcecode.swift; path = DataManager.swift; sourceTree = "<group>"; };
/* End PBXFileReference section */

/* Begin PBXFrameworksBuildPhase section */
		CDAF79F22A14E61400F4976C /* Frameworks */ = {
			isa = PBXFrameworksBuildPhase;
			buildActionMask = 2147483647;
			files = (
				CDA95DD52A2499BC0043AE8B /* Lottie in Frameworks */,
				CD47022C2A26777900A0EA24 /* SwiftSoup in Frameworks */,
				CDA79B852A272D30007D120B /* MarkdownUI in Frameworks */,
			);
			runOnlyForDeploymentPostprocessing = 0;
		};
/* End PBXFrameworksBuildPhase section */

/* Begin PBXGroup section */
		CD35BDD22A28CC41002542D5 /* Payments */ = {
			isa = PBXGroup;
			children = (
				CD35BDD02A28CAC3002542D5 /* PaymentURLGenerator.swift */,
				CD35BDD32A28CC5A002542D5 /* PaymentsLinkTest.swift */,
			);
			path = Payments;
			sourceTree = "<group>";
		};
		CD6373142A16B12E005476EB /* DataJSON */ = {
			isa = PBXGroup;
			children = (
				CD6373152A16B157005476EB /* WordpressJSONstruct.swift */,
				CD63732C2A17978A005476EB /* TestJSON.swift */,
			);
			path = DataJSON;
			sourceTree = "<group>";
		};
		CD63731B2A176CCD005476EB /* Model */ = {
			isa = PBXGroup;
			children = (
				CD63731C2A176CE1005476EB /* Model.xcdatamodeld */,
				CD6373302A17A20B005476EB /* FetchAndSaveThumbnails.swift */,
				CD6373282A178561005476EB /* PersistanceController.swift */,
				CD63732A2A1786EF005476EB /* SaveCoreData.swift */,
				CD6373382A17B938005476EB /* GetCategoryName.swift */,
				CD1916262A2385B800203347 /* CoreDataTestCategoryView.swift */,
				CD19162A2A23BB1000203347 /* CoreDataThumbTestView.swift */,
				CDA79B862A27DBBC007D120B /* CategoriesView.swift */,
			);
			path = Model;
			sourceTree = "<group>";
		};
		CD6373252A1784DC005476EB /* Extension */ = {
			isa = PBXGroup;
			children = (
				CD6373262A178500005476EB /* DateConverter.swift */,
				CD6373342A17A59E005476EB /* SafariView.swift */,
				CD6373362A17AF9D005476EB /* ImageHolder.swift */,
				CD7DE5502A18BC22007DD036 /* GlobalVariable.swift */,
				CD5276352A25D36200A4CD23 /* Authors.swift */,
				CD4702282A2675DB00A0EA24 /* TextProcessor.swift */,
				CD47022D2A2678EF00A0EA24 /* TestTextView.swift */,
			);
			path = Extension;
			sourceTree = "<group>";
		};
		CD9ED3B12A162BBC008F23D0 /* Title and Footer */ = {
			isa = PBXGroup;
			children = (
				CD9ED3B22A162BD4008F23D0 /* ContactInfo.swift */,
				CD9ED3B42A163274008F23D0 /* Title.swift */,
				CD63731F2A17751C005476EB /* StatusView.swift */,
				CD1916282A238F0C00203347 /* AnimatedLogo.swift */,
				CDA95DD82A24B7810043AE8B /* LinkImageView.swift */,
			);
			path = "Title and Footer";
			sourceTree = "<group>";
		};
		CDAF79EC2A14E61400F4976C = {
			isa = PBXGroup;
			children = (
				CD5791082A1D42EF00E53902 /* KrokiAplikacji.md */,
				CDAF79F72A14E61400F4976C /* FundacjaSantanderDesign */,
				CDAF79F62A14E61400F4976C /* Products */,
			);
			sourceTree = "<group>";
		};
		CDAF79F62A14E61400F4976C /* Products */ = {
			isa = PBXGroup;
			children = (
				CDAF79F52A14E61400F4976C /* FundacjaSantanderDesign.app */,
			);
			name = Products;
			sourceTree = "<group>";
		};
		CDAF79F72A14E61400F4976C /* FundacjaSantanderDesign */ = {
			isa = PBXGroup;
			children = (
				CD35BDD22A28CC41002542D5 /* Payments */,
				CDF817142A1B600300FB1461 /* Network */,
				CD6373252A1784DC005476EB /* Extension */,
				CD63731B2A176CCD005476EB /* Model */,
				CD6373142A16B12E005476EB /* DataJSON */,
				CDAF7A282A14FD8500F4976C /* Info.plist */,
				CDAF7A112A14FCBF00F4976C /* SantanderFonts */,
				CDAF7A062A14ECC400F4976C /* Views */,
				CDAF79F82A14E61400F4976C /* FundacjaSantanderDesignApp.swift */,
				CDAF79FC2A14E61500F4976C /* Assets.xcassets */,
				CDAF79FE2A14E61500F4976C /* Preview Content */,
			);
			path = FundacjaSantanderDesign;
			sourceTree = "<group>";
		};
		CDAF79FE2A14E61500F4976C /* Preview Content */ = {
			isa = PBXGroup;
			children = (
				CDAF79FF2A14E61500F4976C /* Preview Assets.xcassets */,
			);
			path = "Preview Content";
			sourceTree = "<group>";
		};
		CDAF7A062A14ECC400F4976C /* Views */ = {
			isa = PBXGroup;
			children = (
				CDC560432A25BD4000AF6582 /* PostPage */,
				CDAF7A3B2A1551BC00F4976C /* DonationForm */,
				CDAF7A382A154F7100F4976C /* StartScreen */,
				CDAF7A3A2A154F9B00F4976C /* List */,
				CDAF7A392A154F8300F4976C /* Navigation */,
				CDAF7A2F2A15137600F4976C /* Components */,
				CDAF7A072A14ECD700F4976C /* StartView.swift */,
				CD6C41192A209B830028A2BC /* ProjektyView.swift */,
				CDAF7A092A14ECED00F4976C /* AktualnosciView.swift */,
				CDAF7A0B2A14ECFF00F4976C /* PomagajView.swift */,
				CDAF7A0F2A14ED1D00F4976C /* FAQView.swift */,
				CD6C411E2A20E5040028A2BC /* LoadingScreen.swift */,
			);
			path = Views;
			sourceTree = "<group>";
		};
		CDAF7A112A14FCBF00F4976C /* SantanderFonts */ = {
			isa = PBXGroup;
			children = (
				CDAF7A122A14FCBF00F4976C /* SantanderHeadline */,
				CDAF7A172A14FCBF00F4976C /* SantanderText */,
			);
			path = SantanderFonts;
			sourceTree = "<group>";
		};
		CDAF7A122A14FCBF00F4976C /* SantanderHeadline */ = {
			isa = PBXGroup;
			children = (
				CDAF7A132A14FCBF00F4976C /* SantanderHeadline-BoldIt.ttf */,
				CDAF7A142A14FCBF00F4976C /* SantanderHeadline-Bold.ttf */,
				CDAF7A152A14FCBF00F4976C /* SantanderHeadline-Regular.ttf */,
				CDAF7A162A14FCBF00F4976C /* SantanderHeadline-It.ttf */,
			);
			path = SantanderHeadline;
			sourceTree = "<group>";
		};
		CDAF7A172A14FCBF00F4976C /* SantanderText */ = {
			isa = PBXGroup;
			children = (
				CDAF7A182A14FCBF00F4976C /* SantanderText-BoldItalic.ttf */,
				CDAF7A192A14FCBF00F4976C /* SantanderText-Italic.ttf */,
				CDAF7A1A2A14FCBF00F4976C /* SantanderText-Light.ttf */,
				CDAF7A1B2A14FCBF00F4976C /* SantanderText-Bold.ttf */,
				CDAF7A1C2A14FCBF00F4976C /* SantanderText-LightItalic.ttf */,
				CDAF7A1D2A14FCBF00F4976C /* SantanderText-Regular.ttf */,
			);
			path = SantanderText;
			sourceTree = "<group>";
		};
		CDAF7A2F2A15137600F4976C /* Components */ = {
			isa = PBXGroup;
			children = (
				CD9ED3B12A162BBC008F23D0 /* Title and Footer */,
			);
			path = Components;
			sourceTree = "<group>";
		};
		CDAF7A382A154F7100F4976C /* StartScreen */ = {
			isa = PBXGroup;
			children = (
				CDAF7A342A1539A900F4976C /* DonationBanner.swift */,
				CDAF7A302A151FB900F4976C /* WelcomeBanner.swift */,
			);
			path = StartScreen;
			sourceTree = "<group>";
		};
		CDAF7A392A154F8300F4976C /* Navigation */ = {
			isa = PBXGroup;
			children = (
				CDAF7A2D2A1512F100F4976C /* TabBarItem.swift */,
				CDAF79FA2A14E61400F4976C /* MainView.swift */,
			);
			path = Navigation;
			sourceTree = "<group>";
		};
		CDAF7A3A2A154F9B00F4976C /* List */ = {
			isa = PBXGroup;
			children = (
				CDAF7A362A15432600F4976C /* ProjectItem.swift */,
				CD9ED3B62A1634ED008F23D0 /* NewsItem.swift */,
				CD9ED3B82A163908008F23D0 /* FaqItem.swift */,
				CD9ED3BA2A1644C3008F23D0 /* PaginationButton.swift */,
				CDAF7A0D2A14ED0F00F4976C /* ProjectList.swift */,
				CDA95DD62A24ACBC0043AE8B /* NewsLists.swift */,
				CD7FC8132A24D449008B26A4 /* FaqList.swift */,
			);
			path = List;
			sourceTree = "<group>";
		};
		CDAF7A3B2A1551BC00F4976C /* DonationForm */ = {
			isa = PBXGroup;
			children = (
				CDAF7A3C2A15531100F4976C /* DonationBannerForm.swift */,
				CDAF7A3E2A15595A00F4976C /* Blik.swift */,
				CD9ED3AF2A161D6D008F23D0 /* PaymentSymbol.swift */,
				CD8463AB2A24EC9D00323C8A /* FormElement.swift */,
				CD8463AD2A250DE200323C8A /* DonationForms.swift */,
				CD0A37D22A29EE37006F7A36 /* DonationFormView.swift */,
			);
			path = DonationForm;
			sourceTree = "<group>";
		};
		CDC560432A25BD4000AF6582 /* PostPage */ = {
			isa = PBXGroup;
			children = (
				CDC560462A25C38F00AF6582 /* PostDetailView.swift */,
			);
			path = PostPage;
			sourceTree = "<group>";
		};
		CDF817142A1B600300FB1461 /* Network */ = {
			isa = PBXGroup;
			children = (
				CDF817122A1B475300FB1461 /* CategoriesService.swift */,
				CDF817152A1B603C00FB1461 /* Error.swift */,
				CDBBCCC22A1D1EAB0038718E /* PostQuery.swift */,
				CD5791092A1D47B800E53902 /* WordPressAPI.swift */,
				CDF967AD2A1DF75E00DC1722 /* DataManager.swift */,
				CD7FC8112A24D11A008B26A4 /* FaqService.swift */,
			);
			path = Network;
			sourceTree = "<group>";
		};
/* End PBXGroup section */

/* Begin PBXNativeTarget section */
		CDAF79F42A14E61400F4976C /* FundacjaSantanderDesign */ = {
			isa = PBXNativeTarget;
			buildConfigurationList = CDAF7A032A14E61500F4976C /* Build configuration list for PBXNativeTarget "FundacjaSantanderDesign" */;
			buildPhases = (
				CDAF79F12A14E61400F4976C /* Sources */,
				CDAF79F22A14E61400F4976C /* Frameworks */,
				CDAF79F32A14E61400F4976C /* Resources */,
			);
			buildRules = (
			);
			dependencies = (
			);
			name = FundacjaSantanderDesign;
			packageProductDependencies = (
				CDA95DD42A2499BC0043AE8B /* Lottie */,
				CD47022B2A26777900A0EA24 /* SwiftSoup */,
				CDA79B842A272D30007D120B /* MarkdownUI */,
			);
			productName = FundacjaSantanderDesign;
			productReference = CDAF79F52A14E61400F4976C /* FundacjaSantanderDesign.app */;
			productType = "com.apple.product-type.application";
		};
/* End PBXNativeTarget section */

/* Begin PBXProject section */
		CDAF79ED2A14E61400F4976C /* Project object */ = {
			isa = PBXProject;
			attributes = {
				BuildIndependentTargetsInParallel = 1;
				LastSwiftUpdateCheck = 1420;
				LastUpgradeCheck = 1420;
				TargetAttributes = {
					CDAF79F42A14E61400F4976C = {
						CreatedOnToolsVersion = 14.2;
					};
				};
			};
			buildConfigurationList = CDAF79F02A14E61400F4976C /* Build configuration list for PBXProject "FundacjaSantanderDesign" */;
			compatibilityVersion = "Xcode 14.0";
			developmentRegion = en;
			hasScannedForEncodings = 0;
			knownRegions = (
				en,
				Base,
			);
			mainGroup = CDAF79EC2A14E61400F4976C;
			packageReferences = (
				CDA95DD32A2499BC0043AE8B /* XCRemoteSwiftPackageReference "lottie-ios" */,
				CD47022A2A26777900A0EA24 /* XCRemoteSwiftPackageReference "SwiftSoup" */,
				CDA79B832A272D30007D120B /* XCRemoteSwiftPackageReference "MarkdownUI" */,
			);
			productRefGroup = CDAF79F62A14E61400F4976C /* Products */;
			projectDirPath = "";
			projectRoot = "";
			targets = (
				CDAF79F42A14E61400F4976C /* FundacjaSantanderDesign */,
			);
		};
/* End PBXProject section */

/* Begin PBXResourcesBuildPhase section */
		CDAF79F32A14E61400F4976C /* Resources */ = {
			isa = PBXResourcesBuildPhase;
			buildActionMask = 2147483647;
			files = (
				CDAF7A212A14FCBF00F4976C /* SantanderHeadline-It.ttf in Resources */,
				CDAF7A1E2A14FCBF00F4976C /* SantanderHeadline-BoldIt.ttf in Resources */,
				CDAF7A242A14FCBF00F4976C /* SantanderText-Light.ttf in Resources */,
				CDAF7A002A14E61500F4976C /* Preview Assets.xcassets in Resources */,
				CDAF7A262A14FCBF00F4976C /* SantanderText-LightItalic.ttf in Resources */,
				CDAF7A272A14FCBF00F4976C /* SantanderText-Regular.ttf in Resources */,
				CDAF7A1F2A14FCBF00F4976C /* SantanderHeadline-Bold.ttf in Resources */,
				CDAF7A232A14FCBF00F4976C /* SantanderText-Italic.ttf in Resources */,
				CDAF7A202A14FCBF00F4976C /* SantanderHeadline-Regular.ttf in Resources */,
				CDAF7A222A14FCBF00F4976C /* SantanderText-BoldItalic.ttf in Resources */,
				CDAF79FD2A14E61500F4976C /* Assets.xcassets in Resources */,
				CDAF7A252A14FCBF00F4976C /* SantanderText-Bold.ttf in Resources */,
			);
			runOnlyForDeploymentPostprocessing = 0;
		};
/* End PBXResourcesBuildPhase section */

/* Begin PBXSourcesBuildPhase section */
		CDAF79F12A14E61400F4976C /* Sources */ = {
			isa = PBXSourcesBuildPhase;
			buildActionMask = 2147483647;
			files = (
				CD6373272A178500005476EB /* DateConverter.swift in Sources */,
				CDF817132A1B475300FB1461 /* CategoriesService.swift in Sources */,
				CDAF7A372A15432600F4976C /* ProjectItem.swift in Sources */,
				CDA95DD92A24B7810043AE8B /* LinkImageView.swift in Sources */,
				CD9ED3B52A163274008F23D0 /* Title.swift in Sources */,
				CD6373392A17B938005476EB /* GetCategoryName.swift in Sources */,
				CDAF7A0E2A14ED0F00F4976C /* ProjectList.swift in Sources */,
				CD9ED3BB2A1644C3008F23D0 /* PaginationButton.swift in Sources */,
				CD7FC8142A24D449008B26A4 /* FaqList.swift in Sources */,
				CD1916292A238F0C00203347 /* AnimatedLogo.swift in Sources */,
				CD6373292A178561005476EB /* PersistanceController.swift in Sources */,
				CD7FC8122A24D11A008B26A4 /* FaqService.swift in Sources */,
				CDAF7A082A14ECD700F4976C /* StartView.swift in Sources */,
				CDAF7A312A151FB900F4976C /* WelcomeBanner.swift in Sources */,
				CD6C411F2A20E5040028A2BC /* LoadingScreen.swift in Sources */,
				CD9ED3B32A162BD4008F23D0 /* ContactInfo.swift in Sources */,
				CD35BDD12A28CAC3002542D5 /* PaymentURLGenerator.swift in Sources */,
				CD8463AE2A250DE200323C8A /* DonationForms.swift in Sources */,
				CDAF7A0C2A14ECFF00F4976C /* PomagajView.swift in Sources */,
				CD1916272A2385B800203347 /* CoreDataTestCategoryView.swift in Sources */,
				CD9ED3B72A1634ED008F23D0 /* NewsItem.swift in Sources */,
				CD6C411A2A209B830028A2BC /* ProjektyView.swift in Sources */,
				CDA95DD72A24ACBC0043AE8B /* NewsLists.swift in Sources */,
				CD6373312A17A20B005476EB /* FetchAndSaveThumbnails.swift in Sources */,
				CD6373202A17751C005476EB /* StatusView.swift in Sources */,
				CDBBCCC32A1D1EAB0038718E /* PostQuery.swift in Sources */,
				CD57910A2A1D47B800E53902 /* WordPressAPI.swift in Sources */,
				CD8463AC2A24EC9D00323C8A /* FormElement.swift in Sources */,
				CD35BDD42A28CC5A002542D5 /* PaymentsLinkTest.swift in Sources */,
				CD5276362A25D36200A4CD23 /* Authors.swift in Sources */,
				CD6373162A16B157005476EB /* WordpressJSONstruct.swift in Sources */,
				CD63732B2A1786EF005476EB /* SaveCoreData.swift in Sources */,
				CD63731E2A176CE1005476EB /* Model.xcdatamodeld in Sources */,
				CD4702292A2675DB00A0EA24 /* TextProcessor.swift in Sources */,
				CDA79B872A27DBBC007D120B /* CategoriesView.swift in Sources */,
				CDAF7A0A2A14ECED00F4976C /* AktualnosciView.swift in Sources */,
				CDAF7A352A1539A900F4976C /* DonationBanner.swift in Sources */,
				CD7DE5512A18BC22007DD036 /* GlobalVariable.swift in Sources */,
				CDAF7A102A14ED1D00F4976C /* FAQView.swift in Sources */,
				CD63732D2A17978A005476EB /* TestJSON.swift in Sources */,
				CD9ED3B02A161D6D008F23D0 /* PaymentSymbol.swift in Sources */,
				CDF967AE2A1DF75E00DC1722 /* DataManager.swift in Sources */,
				CDAF7A3F2A15595A00F4976C /* Blik.swift in Sources */,
				CDAF79FB2A14E61400F4976C /* MainView.swift in Sources */,
				CD0A37D32A29EE37006F7A36 /* DonationFormView.swift in Sources */,
				CDAF7A3D2A15531100F4976C /* DonationBannerForm.swift in Sources */,
				CDAF7A2E2A1512F100F4976C /* TabBarItem.swift in Sources */,
				CD6373352A17A59E005476EB /* SafariView.swift in Sources */,
				CD6373372A17AF9D005476EB /* ImageHolder.swift in Sources */,
				CDAF79F92A14E61400F4976C /* FundacjaSantanderDesignApp.swift in Sources */,
				CDC560472A25C38F00AF6582 /* PostDetailView.swift in Sources */,
				CD19162B2A23BB1000203347 /* CoreDataThumbTestView.swift in Sources */,
				CD47022E2A2678EF00A0EA24 /* TestTextView.swift in Sources */,
				CDF817162A1B603C00FB1461 /* Error.swift in Sources */,
				CD9ED3B92A163908008F23D0 /* FaqItem.swift in Sources */,
			);
			runOnlyForDeploymentPostprocessing = 0;
		};
/* End PBXSourcesBuildPhase section */

/* Begin XCBuildConfiguration section */
		CDAF7A012A14E61500F4976C /* Debug */ = {
			isa = XCBuildConfiguration;
			buildSettings = {
				ALWAYS_SEARCH_USER_PATHS = NO;
				CLANG_ANALYZER_NONNULL = YES;
				CLANG_ANALYZER_NUMBER_OBJECT_CONVERSION = YES_AGGRESSIVE;
				CLANG_CXX_LANGUAGE_STANDARD = "gnu++20";
				CLANG_ENABLE_MODULES = YES;
				CLANG_ENABLE_OBJC_ARC = YES;
				CLANG_ENABLE_OBJC_WEAK = YES;
				CLANG_WARN_BLOCK_CAPTURE_AUTORELEASING = YES;
				CLANG_WARN_BOOL_CONVERSION = YES;
				CLANG_WARN_COMMA = YES;
				CLANG_WARN_CONSTANT_CONVERSION = YES;
				CLANG_WARN_DEPRECATED_OBJC_IMPLEMENTATIONS = YES;
				CLANG_WARN_DIRECT_OBJC_ISA_USAGE = YES_ERROR;
				CLANG_WARN_DOCUMENTATION_COMMENTS = YES;
				CLANG_WARN_EMPTY_BODY = YES;
				CLANG_WARN_ENUM_CONVERSION = YES;
				CLANG_WARN_INFINITE_RECURSION = YES;
				CLANG_WARN_INT_CONVERSION = YES;
				CLANG_WARN_NON_LITERAL_NULL_CONVERSION = YES;
				CLANG_WARN_OBJC_IMPLICIT_RETAIN_SELF = YES;
				CLANG_WARN_OBJC_LITERAL_CONVERSION = YES;
				CLANG_WARN_OBJC_ROOT_CLASS = YES_ERROR;
				CLANG_WARN_QUOTED_INCLUDE_IN_FRAMEWORK_HEADER = YES;
				CLANG_WARN_RANGE_LOOP_ANALYSIS = YES;
				CLANG_WARN_STRICT_PROTOTYPES = YES;
				CLANG_WARN_SUSPICIOUS_MOVE = YES;
				CLANG_WARN_UNGUARDED_AVAILABILITY = YES_AGGRESSIVE;
				CLANG_WARN_UNREACHABLE_CODE = YES;
				CLANG_WARN__DUPLICATE_METHOD_MATCH = YES;
				COPY_PHASE_STRIP = NO;
				DEBUG_INFORMATION_FORMAT = dwarf;
				ENABLE_STRICT_OBJC_MSGSEND = YES;
				ENABLE_TESTABILITY = YES;
				GCC_C_LANGUAGE_STANDARD = gnu11;
				GCC_DYNAMIC_NO_PIC = NO;
				GCC_NO_COMMON_BLOCKS = YES;
				GCC_OPTIMIZATION_LEVEL = 0;
				GCC_PREPROCESSOR_DEFINITIONS = (
					"DEBUG=1",
					"$(inherited)",
				);
				GCC_WARN_64_TO_32_BIT_CONVERSION = YES;
				GCC_WARN_ABOUT_RETURN_TYPE = YES_ERROR;
				GCC_WARN_UNDECLARED_SELECTOR = YES;
				GCC_WARN_UNINITIALIZED_AUTOS = YES_AGGRESSIVE;
				GCC_WARN_UNUSED_FUNCTION = YES;
				GCC_WARN_UNUSED_VARIABLE = YES;
				IPHONEOS_DEPLOYMENT_TARGET = 16.0;
				MTL_ENABLE_DEBUG_INFO = INCLUDE_SOURCE;
				MTL_FAST_MATH = YES;
				ONLY_ACTIVE_ARCH = YES;
				SDKROOT = iphoneos;
				SWIFT_ACTIVE_COMPILATION_CONDITIONS = DEBUG;
				SWIFT_OPTIMIZATION_LEVEL = "-Onone";
			};
			name = Debug;
		};
		CDAF7A022A14E61500F4976C /* Release */ = {
			isa = XCBuildConfiguration;
			buildSettings = {
				ALWAYS_SEARCH_USER_PATHS = NO;
				CLANG_ANALYZER_NONNULL = YES;
				CLANG_ANALYZER_NUMBER_OBJECT_CONVERSION = YES_AGGRESSIVE;
				CLANG_CXX_LANGUAGE_STANDARD = "gnu++20";
				CLANG_ENABLE_MODULES = YES;
				CLANG_ENABLE_OBJC_ARC = YES;
				CLANG_ENABLE_OBJC_WEAK = YES;
				CLANG_WARN_BLOCK_CAPTURE_AUTORELEASING = YES;
				CLANG_WARN_BOOL_CONVERSION = YES;
				CLANG_WARN_COMMA = YES;
				CLANG_WARN_CONSTANT_CONVERSION = YES;
				CLANG_WARN_DEPRECATED_OBJC_IMPLEMENTATIONS = YES;
				CLANG_WARN_DIRECT_OBJC_ISA_USAGE = YES_ERROR;
				CLANG_WARN_DOCUMENTATION_COMMENTS = YES;
				CLANG_WARN_EMPTY_BODY = YES;
				CLANG_WARN_ENUM_CONVERSION = YES;
				CLANG_WARN_INFINITE_RECURSION = YES;
				CLANG_WARN_INT_CONVERSION = YES;
				CLANG_WARN_NON_LITERAL_NULL_CONVERSION = YES;
				CLANG_WARN_OBJC_IMPLICIT_RETAIN_SELF = YES;
				CLANG_WARN_OBJC_LITERAL_CONVERSION = YES;
				CLANG_WARN_OBJC_ROOT_CLASS = YES_ERROR;
				CLANG_WARN_QUOTED_INCLUDE_IN_FRAMEWORK_HEADER = YES;
				CLANG_WARN_RANGE_LOOP_ANALYSIS = YES;
				CLANG_WARN_STRICT_PROTOTYPES = YES;
				CLANG_WARN_SUSPICIOUS_MOVE = YES;
				CLANG_WARN_UNGUARDED_AVAILABILITY = YES_AGGRESSIVE;
				CLANG_WARN_UNREACHABLE_CODE = YES;
				CLANG_WARN__DUPLICATE_METHOD_MATCH = YES;
				COPY_PHASE_STRIP = NO;
				DEBUG_INFORMATION_FORMAT = "dwarf-with-dsym";
				ENABLE_NS_ASSERTIONS = NO;
				ENABLE_STRICT_OBJC_MSGSEND = YES;
				GCC_C_LANGUAGE_STANDARD = gnu11;
				GCC_NO_COMMON_BLOCKS = YES;
				GCC_WARN_64_TO_32_BIT_CONVERSION = YES;
				GCC_WARN_ABOUT_RETURN_TYPE = YES_ERROR;
				GCC_WARN_UNDECLARED_SELECTOR = YES;
				GCC_WARN_UNINITIALIZED_AUTOS = YES_AGGRESSIVE;
				GCC_WARN_UNUSED_FUNCTION = YES;
				GCC_WARN_UNUSED_VARIABLE = YES;
				IPHONEOS_DEPLOYMENT_TARGET = 16.0;
				MTL_ENABLE_DEBUG_INFO = NO;
				MTL_FAST_MATH = YES;
				SDKROOT = iphoneos;
				SWIFT_COMPILATION_MODE = wholemodule;
				SWIFT_OPTIMIZATION_LEVEL = "-O";
				VALIDATE_PRODUCT = YES;
			};
			name = Release;
		};
		CDAF7A042A14E61500F4976C /* Debug */ = {
			isa = XCBuildConfiguration;
			buildSettings = {
				ASSETCATALOG_COMPILER_APPICON_NAME = AppIcon;
				ASSETCATALOG_COMPILER_GLOBAL_ACCENT_COLOR_NAME = AccentColor;
				CODE_SIGN_STYLE = Automatic;
				CURRENT_PROJECT_VERSION = 19;
				DEVELOPMENT_ASSET_PATHS = "\"FundacjaSantanderDesign/Preview Content\"";
				DEVELOPMENT_TEAM = 5NMXNJ3368;
				ENABLE_PREVIEWS = YES;
				GENERATE_INFOPLIST_FILE = YES;
				INFOPLIST_FILE = FundacjaSantanderDesign/Info.plist;
				INFOPLIST_KEY_CFBundleDisplayName = "Fundacja Santander";
				INFOPLIST_KEY_LSApplicationCategoryType = "public.app-category.news";
				INFOPLIST_KEY_UIApplicationSceneManifest_Generation = YES;
				INFOPLIST_KEY_UIApplicationSupportsIndirectInputEvents = YES;
				INFOPLIST_KEY_UILaunchScreen_Generation = YES;
				INFOPLIST_KEY_UISupportedInterfaceOrientations = UIInterfaceOrientationPortrait;
				INFOPLIST_KEY_UISupportedInterfaceOrientations_iPad = "UIInterfaceOrientationLandscapeLeft UIInterfaceOrientationLandscapeRight UIInterfaceOrientationPortrait UIInterfaceOrientationPortraitUpsideDown";
				IPHONEOS_DEPLOYMENT_TARGET = "";
				"IPHONEOS_DEPLOYMENT_TARGET[sdk=iphoneos*]" = 16.0;
				LD_RUNPATH_SEARCH_PATHS = (
					"$(inherited)",
					"@executable_path/Frameworks",
				);
				MARKETING_VERSION = 1.0.19;
				PRODUCT_BUNDLE_IDENTIFIER = pl.mediagfx.FundacjaSantanderDesign;
				PRODUCT_NAME = "$(TARGET_NAME)";
				SUPPORTED_PLATFORMS = "iphoneos iphonesimulator";
				SUPPORTS_MACCATALYST = NO;
				SUPPORTS_MAC_DESIGNED_FOR_IPHONE_IPAD = NO;
				SWIFT_EMIT_LOC_STRINGS = YES;
				SWIFT_VERSION = 5.0;
				TARGETED_DEVICE_FAMILY = 1;
			};
			name = Debug;
		};
		CDAF7A052A14E61500F4976C /* Release */ = {
			isa = XCBuildConfiguration;
			buildSettings = {
				ASSETCATALOG_COMPILER_APPICON_NAME = AppIcon;
				ASSETCATALOG_COMPILER_GLOBAL_ACCENT_COLOR_NAME = AccentColor;
				CODE_SIGN_STYLE = Automatic;
				CURRENT_PROJECT_VERSION = 19;
				DEVELOPMENT_ASSET_PATHS = "\"FundacjaSantanderDesign/Preview Content\"";
				DEVELOPMENT_TEAM = 5NMXNJ3368;
				ENABLE_PREVIEWS = YES;
				GENERATE_INFOPLIST_FILE = YES;
				INFOPLIST_FILE = FundacjaSantanderDesign/Info.plist;
				INFOPLIST_KEY_CFBundleDisplayName = "Fundacja Santander";
				INFOPLIST_KEY_LSApplicationCategoryType = "public.app-category.news";
				INFOPLIST_KEY_UIApplicationSceneManifest_Generation = YES;
				INFOPLIST_KEY_UIApplicationSupportsIndirectInputEvents = YES;
				INFOPLIST_KEY_UILaunchScreen_Generation = YES;
				INFOPLIST_KEY_UISupportedInterfaceOrientations = UIInterfaceOrientationPortrait;
				INFOPLIST_KEY_UISupportedInterfaceOrientations_iPad = "UIInterfaceOrientationLandscapeLeft UIInterfaceOrientationLandscapeRight UIInterfaceOrientationPortrait UIInterfaceOrientationPortraitUpsideDown";
				IPHONEOS_DEPLOYMENT_TARGET = "";
				"IPHONEOS_DEPLOYMENT_TARGET[sdk=iphoneos*]" = 16.0;
				LD_RUNPATH_SEARCH_PATHS = (
					"$(inherited)",
					"@executable_path/Frameworks",
				);
				MARKETING_VERSION = 1.0.19;
				PRODUCT_BUNDLE_IDENTIFIER = pl.mediagfx.FundacjaSantanderDesign;
				PRODUCT_NAME = "$(TARGET_NAME)";
				SUPPORTED_PLATFORMS = "iphoneos iphonesimulator";
				SUPPORTS_MACCATALYST = NO;
				SUPPORTS_MAC_DESIGNED_FOR_IPHONE_IPAD = NO;
				SWIFT_EMIT_LOC_STRINGS = YES;
				SWIFT_VERSION = 5.0;
				TARGETED_DEVICE_FAMILY = 1;
			};
			name = Release;
		};
/* End XCBuildConfiguration section */

/* Begin XCConfigurationList section */
		CDAF79F02A14E61400F4976C /* Build configuration list for PBXProject "FundacjaSantanderDesign" */ = {
			isa = XCConfigurationList;
			buildConfigurations = (
				CDAF7A012A14E61500F4976C /* Debug */,
				CDAF7A022A14E61500F4976C /* Release */,
			);
			defaultConfigurationIsVisible = 0;
			defaultConfigurationName = Release;
		};
		CDAF7A032A14E61500F4976C /* Build configuration list for PBXNativeTarget "FundacjaSantanderDesign" */ = {
			isa = XCConfigurationList;
			buildConfigurations = (
				CDAF7A042A14E61500F4976C /* Debug */,
				CDAF7A052A14E61500F4976C /* Release */,
			);
			defaultConfigurationIsVisible = 0;
			defaultConfigurationName = Release;
		};
/* End XCConfigurationList section */

/* Begin XCRemoteSwiftPackageReference section */
		CD47022A2A26777900A0EA24 /* XCRemoteSwiftPackageReference "SwiftSoup" */ = {
			isa = XCRemoteSwiftPackageReference;
			repositoryURL = "https://github.com/scinfu/SwiftSoup";
			requirement = {
				kind = upToNextMajorVersion;
				minimumVersion = 2.0.0;
			};
		};
		CDA79B832A272D30007D120B /* XCRemoteSwiftPackageReference "MarkdownUI" */ = {
			isa = XCRemoteSwiftPackageReference;
			repositoryURL = "https://github.com/gonzalezreal/MarkdownUI";
			requirement = {
				kind = upToNextMajorVersion;
				minimumVersion = 2.0.0;
			};
		};
		CDA95DD32A2499BC0043AE8B /* XCRemoteSwiftPackageReference "lottie-ios" */ = {
			isa = XCRemoteSwiftPackageReference;
			repositoryURL = "https://github.com/airbnb/lottie-ios.git";
			requirement = {
				kind = upToNextMajorVersion;
				minimumVersion = 4.0.0;
			};
		};
/* End XCRemoteSwiftPackageReference section */

/* Begin XCSwiftPackageProductDependency section */
		CD47022B2A26777900A0EA24 /* SwiftSoup */ = {
			isa = XCSwiftPackageProductDependency;
			package = CD47022A2A26777900A0EA24 /* XCRemoteSwiftPackageReference "SwiftSoup" */;
			productName = SwiftSoup;
		};
		CDA79B842A272D30007D120B /* MarkdownUI */ = {
			isa = XCSwiftPackageProductDependency;
			package = CDA79B832A272D30007D120B /* XCRemoteSwiftPackageReference "MarkdownUI" */;
			productName = MarkdownUI;
		};
		CDA95DD42A2499BC0043AE8B /* Lottie */ = {
			isa = XCSwiftPackageProductDependency;
			package = CDA95DD32A2499BC0043AE8B /* XCRemoteSwiftPackageReference "lottie-ios" */;
			productName = Lottie;
		};
/* End XCSwiftPackageProductDependency section */

/* Begin XCVersionGroup section */
		CD63731C2A176CE1005476EB /* Model.xcdatamodeld */ = {
			isa = XCVersionGroup;
			children = (
				CD63731D2A176CE1005476EB /* Model.xcdatamodel */,
			);
			currentVersion = CD63731D2A176CE1005476EB /* Model.xcdatamodel */;
			path = Model.xcdatamodeld;
			sourceTree = "<group>";
			versionGroupType = wrapper.xcdatamodel;
		};
/* End XCVersionGroup section */
	};
	rootObject = CDAF79ED2A14E61400F4976C /* Project object */;
}
